// !$*UTF8*$!
{
	archiveVersion = 1;
	classes = {
	};
	objectVersion = 56;
	objects = {

/* Begin PBXBuildFile section */
		1A03C6B62C64A7B300CAEC41 /* FoodRestaurant.swift in Sources */ = {isa = PBXBuildFile; fileRef = 1A03C6B52C64A7B300CAEC41 /* FoodRestaurant.swift */; };
		1A03C6B82C64A7E200CAEC41 /* FoodViewModel.swift in Sources */ = {isa = PBXBuildFile; fileRef = 1A03C6B72C64A7E200CAEC41 /* FoodViewModel.swift */; };
		1A03C6BA2C64AB6600CAEC41 /* SpotViewModel.swift in Sources */ = {isa = PBXBuildFile; fileRef = 1A03C6B92C64AB6600CAEC41 /* SpotViewModel.swift */; };
		1A03C6BC2C64ADEF00CAEC41 /* FoodMyRegionView.swift in Sources */ = {isa = PBXBuildFile; fileRef = 1A03C6BB2C64ADEF00CAEC41 /* FoodMyRegionView.swift */; };
		1A03C6BE2C64B08D00CAEC41 /* HomeView.swift in Sources */ = {isa = PBXBuildFile; fileRef = 1A03C6BD2C64B08D00CAEC41 /* HomeView.swift */; };
		1A4996562C748A3D00D491CB /* ActivityMyRegionView.swift in Sources */ = {isa = PBXBuildFile; fileRef = 1A4996552C748A3D00D491CB /* ActivityMyRegionView.swift */; };
		1A4996582C748A5400D491CB /* ActivityInterestingView.swift in Sources */ = {isa = PBXBuildFile; fileRef = 1A4996572C748A5400D491CB /* ActivityInterestingView.swift */; };
		1A49965A2C748AE900D491CB /* ActivityRestaurant.swift in Sources */ = {isa = PBXBuildFile; fileRef = 1A4996592C748AE900D491CB /* ActivityRestaurant.swift */; };
		1A49965C2C748BD600D491CB /* ActivityViewModel.swift in Sources */ = {isa = PBXBuildFile; fileRef = 1A49965B2C748BD600D491CB /* ActivityViewModel.swift */; };
		1A5ACC182C53C27A00E6BFD6 /* SpotMyRegionView.swift in Sources */ = {isa = PBXBuildFile; fileRef = 1A5ACC172C53C27A00E6BFD6 /* SpotMyRegionView.swift */; };
		1A5ACC1A2C53C52200E6BFD6 /* SpotInterestingView.swift in Sources */ = {isa = PBXBuildFile; fileRef = 1A5ACC192C53C52200E6BFD6 /* SpotInterestingView.swift */; };
		1A850DCC2C57E07500D02E0A /* SpotRestaurant.swift in Sources */ = {isa = PBXBuildFile; fileRef = 1A850DCB2C57E07500D02E0A /* SpotRestaurant.swift */; };
		1AAE4D452C6DE8A900D29666 /* WishListAPI.swift in Sources */ = {isa = PBXBuildFile; fileRef = 1AAE4D442C6DE8A900D29666 /* WishListAPI.swift */; };
		1AAE4D472C6DE9B600D29666 /* TokenManager.swift in Sources */ = {isa = PBXBuildFile; fileRef = 1AAE4D462C6DE9B600D29666 /* TokenManager.swift */; };
		1AB3E39A2C6881ED009F7817 /* CombineMoya in Frameworks */ = {isa = PBXBuildFile; productRef = 1AB3E3992C6881ED009F7817 /* CombineMoya */; };
		1AB3E39C2C6881ED009F7817 /* Moya in Frameworks */ = {isa = PBXBuildFile; productRef = 1AB3E39B2C6881ED009F7817 /* Moya */; };
		1AB3E39E2C6881ED009F7817 /* ReactiveMoya in Frameworks */ = {isa = PBXBuildFile; productRef = 1AB3E39D2C6881ED009F7817 /* ReactiveMoya */; };
		1AB3E3A02C6881ED009F7817 /* RxMoya in Frameworks */ = {isa = PBXBuildFile; productRef = 1AB3E39F2C6881ED009F7817 /* RxMoya */; };
		1AB3E3A32C688674009F7817 /* LocavelAPI.swift in Sources */ = {isa = PBXBuildFile; fileRef = 1AB3E3A22C688674009F7817 /* LocavelAPI.swift */; };
		1AB854F82C78CD4F00471F24 /* ReviewAPI.swift in Sources */ = {isa = PBXBuildFile; fileRef = 1AB854F72C78CD4F00471F24 /* ReviewAPI.swift */; };
		1AB854FC2C78CD5500471F24 /* ReviewView.swift in Sources */ = {isa = PBXBuildFile; fileRef = 1AB854F92C78CD5500471F24 /* ReviewView.swift */; };
		1AB854FD2C78CD5500471F24 /* ReviewViewModel.swift in Sources */ = {isa = PBXBuildFile; fileRef = 1AB854FA2C78CD5500471F24 /* ReviewViewModel.swift */; };
		1AC7DBCD2C4CCE86007896A4 /* InfoView.swift in Sources */ = {isa = PBXBuildFile; fileRef = 1AC7DBCC2C4CCE86007896A4 /* InfoView.swift */; };
		1AC7DBCF2C4CCEB7007896A4 /* FoodView.swift in Sources */ = {isa = PBXBuildFile; fileRef = 1AC7DBCE2C4CCEB7007896A4 /* FoodView.swift */; };
		1AC7DBD12C4CCEC1007896A4 /* SpotView.swift in Sources */ = {isa = PBXBuildFile; fileRef = 1AC7DBD02C4CCEC1007896A4 /* SpotView.swift */; };
		1AC7DBD32C4CCEC8007896A4 /* ActivityView.swift in Sources */ = {isa = PBXBuildFile; fileRef = 1AC7DBD22C4CCEC8007896A4 /* ActivityView.swift */; };
		1AF6CDDA2C727BAD00E46AC5 /* FoodInterestingView.swift in Sources */ = {isa = PBXBuildFile; fileRef = 1AF6CDD92C727BAD00E46AC5 /* FoodInterestingView.swift */; };
		1F2BEA332C5A13F7004D9974 /* StartView.swift in Sources */ = {isa = PBXBuildFile; fileRef = 1F2BEA322C5A13F7004D9974 /* StartView.swift */; };
		1F2CC7B52C71BD29009E836D /* NaverAuth.swift in Sources */ = {isa = PBXBuildFile; fileRef = 1F2CC7B42C71BD29009E836D /* NaverAuth.swift */; };
		1F35DF4B2C71B3C800D1EF30 /* KakaoSDKAuth in Frameworks */ = {isa = PBXBuildFile; productRef = 1F35DF4A2C71B3C800D1EF30 /* KakaoSDKAuth */; };
		1F35DF4D2C71B3C800D1EF30 /* KakaoSDKCommon in Frameworks */ = {isa = PBXBuildFile; productRef = 1F35DF4C2C71B3C800D1EF30 /* KakaoSDKCommon */; };
		1F35DF4F2C71B3C800D1EF30 /* KakaoSDKUser in Frameworks */ = {isa = PBXBuildFile; productRef = 1F35DF4E2C71B3C800D1EF30 /* KakaoSDKUser */; };
		1F35DF522C71B4EC00D1EF30 /* kakaoButton.swift in Sources */ = {isa = PBXBuildFile; fileRef = 1F35DF512C71B4EC00D1EF30 /* kakaoButton.swift */; };
		1F35DF542C71B51200D1EF30 /* naverButton.swift in Sources */ = {isa = PBXBuildFile; fileRef = 1F35DF532C71B51200D1EF30 /* naverButton.swift */; };
		1F35DF572C71B53D00D1EF30 /* NaverThirdPartyLogin in Frameworks */ = {isa = PBXBuildFile; productRef = 1F35DF562C71B53D00D1EF30 /* NaverThirdPartyLogin */; };
		1F4E5A5E2C78B25E00A3F048 /* UserView.swift in Sources */ = {isa = PBXBuildFile; fileRef = 1F4E5A5D2C78B25E00A3F048 /* UserView.swift */; };
		1F7F3F642C78FF4D001E67A6 /* SignUpViewModel.swift in Sources */ = {isa = PBXBuildFile; fileRef = 1F7F3F632C78FF4D001E67A6 /* SignUpViewModel.swift */; };
		1F85E4C22C78EE2A00017FE1 /* ReviewSettingView.swift in Sources */ = {isa = PBXBuildFile; fileRef = 1F85E4C12C78EE2A00017FE1 /* ReviewSettingView.swift */; };
		1F85E4C42C78EE4200017FE1 /* WishListSettingView.swift in Sources */ = {isa = PBXBuildFile; fileRef = 1F85E4C32C78EE4200017FE1 /* WishListSettingView.swift */; };
		1F8612AE2C78C21900ADBA67 /* SettingView.swift in Sources */ = {isa = PBXBuildFile; fileRef = 1F8612AD2C78C21900ADBA67 /* SettingView.swift */; };
		1F8C06E42C77573600EA90DC /* CustomTextFieldStyle.swift in Sources */ = {isa = PBXBuildFile; fileRef = 1F8C06DF2C77573600EA90DC /* CustomTextFieldStyle.swift */; };
		1F8C06E52C77573600EA90DC /* SignUpView.swift in Sources */ = {isa = PBXBuildFile; fileRef = 1F8C06E12C77573600EA90DC /* SignUpView.swift */; };
		1FE2B7732C799A4A00696205 /* SecondLogInView.swift in Sources */ = {isa = PBXBuildFile; fileRef = 1FE2B7722C799A4A00696205 /* SecondLogInView.swift */; };
		1FE2B7752C799B4E00696205 /* LogInViewModel.swift in Sources */ = {isa = PBXBuildFile; fileRef = 1FE2B7742C799B4E00696205 /* LogInViewModel.swift */; };
		1FF357D32C77640A0033FDAE /* FirstSignUpView.swift in Sources */ = {isa = PBXBuildFile; fileRef = 1FF357D22C77640A0033FDAE /* FirstSignUpView.swift */; };
		1FF7F8C72C724B5100868D06 /* LogInAPI.swift in Sources */ = {isa = PBXBuildFile; fileRef = 1FF7F8C62C724B5100868D06 /* LogInAPI.swift */; };
		1FFD66CA2C5A114D002EC096 /* SplashView.swift in Sources */ = {isa = PBXBuildFile; fileRef = 1FFD66C92C5A114D002EC096 /* SplashView.swift */; };
		3056DAB12C4AA789002B9378 /* LocavelApp.swift in Sources */ = {isa = PBXBuildFile; fileRef = 3056DAB02C4AA789002B9378 /* LocavelApp.swift */; };
		3056DAB32C4AA789002B9378 /* ContentView.swift in Sources */ = {isa = PBXBuildFile; fileRef = 3056DAB22C4AA789002B9378 /* ContentView.swift */; };
		3056DAB52C4AA78A002B9378 /* Assets.xcassets in Resources */ = {isa = PBXBuildFile; fileRef = 3056DAB42C4AA78A002B9378 /* Assets.xcassets */; };
		3056DAB82C4AA78A002B9378 /* Preview Assets.xcassets in Resources */ = {isa = PBXBuildFile; fileRef = 3056DAB72C4AA78A002B9378 /* Preview Assets.xcassets */; };
		3056DADF2C4AA993002B9378 /* ColorManager.swift in Sources */ = {isa = PBXBuildFile; fileRef = 3056DADE2C4AA993002B9378 /* ColorManager.swift */; };
		3056DAE52C4AAA5C002B9378 /* SearchBarView.swift in Sources */ = {isa = PBXBuildFile; fileRef = 3056DAE42C4AAA5C002B9378 /* SearchBarView.swift */; };
		3056DAE72C4AAA7A002B9378 /* SurroundView.swift in Sources */ = {isa = PBXBuildFile; fileRef = 3056DAE62C4AAA7A002B9378 /* SurroundView.swift */; };
		3056DAEB2C4AAAC7002B9378 /* WishListView.swift in Sources */ = {isa = PBXBuildFile; fileRef = 3056DAEA2C4AAAC7002B9378 /* WishListView.swift */; };
		3056DAF12C4AAB25002B9378 /* WishListFood.swift in Sources */ = {isa = PBXBuildFile; fileRef = 3056DAF02C4AAB25002B9378 /* WishListFood.swift */; };
		3056DAF32C4AAB40002B9378 /* MyPageView.swift in Sources */ = {isa = PBXBuildFile; fileRef = 3056DAF22C4AAB40002B9378 /* MyPageView.swift */; };
		3056DAF52C4AAB5C002B9378 /* LogInView.swift in Sources */ = {isa = PBXBuildFile; fileRef = 3056DAF42C4AAB5C002B9378 /* LogInView.swift */; };
		30573F8D2C73544C00BF49C4 /* LoadingPageView.swift in Sources */ = {isa = PBXBuildFile; fileRef = 30573F8C2C73544C00BF49C4 /* LoadingPageView.swift */; };
		30573F8F2C7387A000BF49C4 /* HomeViewModel.swift in Sources */ = {isa = PBXBuildFile; fileRef = 30573F8E2C7387A000BF49C4 /* HomeViewModel.swift */; };
		30824C0A2C75D6F1003635C3 /* InterestRegionView.swift in Sources */ = {isa = PBXBuildFile; fileRef = 30824C092C75D6F1003635C3 /* InterestRegionView.swift */; };
		30824C0C2C75D756003635C3 /* MyRegionView.swift in Sources */ = {isa = PBXBuildFile; fileRef = 30824C0B2C75D756003635C3 /* MyRegionView.swift */; };
		30824C0E2C75ED9C003635C3 /* AddRegionView.swift in Sources */ = {isa = PBXBuildFile; fileRef = 30824C0D2C75ED9C003635C3 /* AddRegionView.swift */; };
		30824C102C7759BB003635C3 /* PlacesListView.swift in Sources */ = {isa = PBXBuildFile; fileRef = 30824C0F2C7759BB003635C3 /* PlacesListView.swift */; };
		30824C142C787A8B003635C3 /* PlaceDetailView.swift in Sources */ = {isa = PBXBuildFile; fileRef = 30824C132C787A8B003635C3 /* PlaceDetailView.swift */; };
		30824C162C78A63E003635C3 /* AroundPlacesView.swift in Sources */ = {isa = PBXBuildFile; fileRef = 30824C152C78A63E003635C3 /* AroundPlacesView.swift */; };
		30BCE9B22C6A4663006782B8 /* MapView.swift in Sources */ = {isa = PBXBuildFile; fileRef = 30BCE9B12C6A4663006782B8 /* MapView.swift */; };
		30BCE9B42C6A4675006782B8 /* LocationManager.swift in Sources */ = {isa = PBXBuildFile; fileRef = 30BCE9B32C6A4675006782B8 /* LocationManager.swift */; };
		30BCE9B62C6B8C15006782B8 /* IdentifiableMapItem.swift in Sources */ = {isa = PBXBuildFile; fileRef = 30BCE9B52C6B8C15006782B8 /* IdentifiableMapItem.swift */; };
		30BCE9B82C6DEFDD006782B8 /* BottomSheetView.swift in Sources */ = {isa = PBXBuildFile; fileRef = 30BCE9B72C6DEFDD006782B8 /* BottomSheetView.swift */; };
		30BCE9BA2C6EFBC0006782B8 /* RegisterPlaceView.swift in Sources */ = {isa = PBXBuildFile; fileRef = 30BCE9B92C6EFBC0006782B8 /* RegisterPlaceView.swift */; };
		30BCE9BC2C6F1FF4006782B8 /* RatingView.swift in Sources */ = {isa = PBXBuildFile; fileRef = 30BCE9BB2C6F1FF3006782B8 /* RatingView.swift */; };
		30BCE9BE2C6F254E006782B8 /* CategorySelectionView.swift in Sources */ = {isa = PBXBuildFile; fileRef = 30BCE9BD2C6F254E006782B8 /* CategorySelectionView.swift */; };
		30BCE9C02C71F8D7006782B8 /* RegisterReviewView.swift in Sources */ = {isa = PBXBuildFile; fileRef = 30BCE9BF2C71F8D7006782B8 /* RegisterReviewView.swift */; };
		30BCE9C62C722C45006782B8 /* EnrollLocationView.swift in Sources */ = {isa = PBXBuildFile; fileRef = 30BCE9C52C722C45006782B8 /* EnrollLocationView.swift */; };
		30BCE9C92C724BAF006782B8 /* NMLocationManager.swift in Sources */ = {isa = PBXBuildFile; fileRef = 30BCE9C82C724BAF006782B8 /* NMLocationManager.swift */; };
		475CF81C4DE7AA1121FA5278 /* Pods_Locavel_LocavelUITests.framework in Frameworks */ = {isa = PBXBuildFile; fileRef = 16E0C007A09D5BAD0A4E5979 /* Pods_Locavel_LocavelUITests.framework */; };
		7D2F8694CBFD8AA76A69892A /* Pods_Locavel.framework in Frameworks */ = {isa = PBXBuildFile; fileRef = CF808EE2AAF1DD8E8A6A7ECE /* Pods_Locavel.framework */; };
		D9EE5ED3DB3A2EFBC5D73870 /* Pods_LocavelTests.framework in Frameworks */ = {isa = PBXBuildFile; fileRef = 84962AB0EA997963AED02044 /* Pods_LocavelTests.framework */; };
/* End PBXBuildFile section */

/* Begin PBXContainerItemProxy section */
		3056DABE2C4AA78A002B9378 /* PBXContainerItemProxy */ = {
			isa = PBXContainerItemProxy;
			containerPortal = 3056DAA52C4AA789002B9378 /* Project object */;
			proxyType = 1;
			remoteGlobalIDString = 3056DAAC2C4AA789002B9378;
			remoteInfo = Locavel;
		};
		3056DAC82C4AA78A002B9378 /* PBXContainerItemProxy */ = {
			isa = PBXContainerItemProxy;
			containerPortal = 3056DAA52C4AA789002B9378 /* Project object */;
			proxyType = 1;
			remoteGlobalIDString = 3056DAAC2C4AA789002B9378;
			remoteInfo = Locavel;
		};
/* End PBXContainerItemProxy section */

/* Begin PBXFileReference section */
		042E9A9D05A62E40909CB5E4 /* Pods-LocavelTests.release.xcconfig */ = {isa = PBXFileReference; includeInIndex = 1; lastKnownFileType = text.xcconfig; name = "Pods-LocavelTests.release.xcconfig"; path = "Target Support Files/Pods-LocavelTests/Pods-LocavelTests.release.xcconfig"; sourceTree = "<group>"; };
		16E0C007A09D5BAD0A4E5979 /* Pods_Locavel_LocavelUITests.framework */ = {isa = PBXFileReference; explicitFileType = wrapper.framework; includeInIndex = 0; path = Pods_Locavel_LocavelUITests.framework; sourceTree = BUILT_PRODUCTS_DIR; };
		1A03C6B52C64A7B300CAEC41 /* FoodRestaurant.swift */ = {isa = PBXFileReference; lastKnownFileType = sourcecode.swift; path = FoodRestaurant.swift; sourceTree = "<group>"; };
		1A03C6B72C64A7E200CAEC41 /* FoodViewModel.swift */ = {isa = PBXFileReference; lastKnownFileType = sourcecode.swift; path = FoodViewModel.swift; sourceTree = "<group>"; };
		1A03C6B92C64AB6600CAEC41 /* SpotViewModel.swift */ = {isa = PBXFileReference; lastKnownFileType = sourcecode.swift; path = SpotViewModel.swift; sourceTree = "<group>"; };
		1A03C6BB2C64ADEF00CAEC41 /* FoodMyRegionView.swift */ = {isa = PBXFileReference; lastKnownFileType = sourcecode.swift; path = FoodMyRegionView.swift; sourceTree = "<group>"; };
		1A03C6BD2C64B08D00CAEC41 /* HomeView.swift */ = {isa = PBXFileReference; lastKnownFileType = sourcecode.swift; path = HomeView.swift; sourceTree = "<group>"; };
		1A4996552C748A3D00D491CB /* ActivityMyRegionView.swift */ = {isa = PBXFileReference; lastKnownFileType = sourcecode.swift; path = ActivityMyRegionView.swift; sourceTree = "<group>"; };
		1A4996572C748A5400D491CB /* ActivityInterestingView.swift */ = {isa = PBXFileReference; lastKnownFileType = sourcecode.swift; path = ActivityInterestingView.swift; sourceTree = "<group>"; };
		1A4996592C748AE900D491CB /* ActivityRestaurant.swift */ = {isa = PBXFileReference; lastKnownFileType = sourcecode.swift; path = ActivityRestaurant.swift; sourceTree = "<group>"; };
		1A49965B2C748BD600D491CB /* ActivityViewModel.swift */ = {isa = PBXFileReference; lastKnownFileType = sourcecode.swift; path = ActivityViewModel.swift; sourceTree = "<group>"; };
		1A5ACC172C53C27A00E6BFD6 /* SpotMyRegionView.swift */ = {isa = PBXFileReference; lastKnownFileType = sourcecode.swift; path = SpotMyRegionView.swift; sourceTree = "<group>"; };
		1A5ACC192C53C52200E6BFD6 /* SpotInterestingView.swift */ = {isa = PBXFileReference; lastKnownFileType = sourcecode.swift; path = SpotInterestingView.swift; sourceTree = "<group>"; };
		1A850DCB2C57E07500D02E0A /* SpotRestaurant.swift */ = {isa = PBXFileReference; lastKnownFileType = sourcecode.swift; path = SpotRestaurant.swift; sourceTree = "<group>"; };
		1AAE4D442C6DE8A900D29666 /* WishListAPI.swift */ = {isa = PBXFileReference; lastKnownFileType = sourcecode.swift; path = WishListAPI.swift; sourceTree = "<group>"; };
		1AAE4D462C6DE9B600D29666 /* TokenManager.swift */ = {isa = PBXFileReference; lastKnownFileType = sourcecode.swift; path = TokenManager.swift; sourceTree = "<group>"; };
		1AB3E3A22C688674009F7817 /* LocavelAPI.swift */ = {isa = PBXFileReference; lastKnownFileType = sourcecode.swift; name = LocavelAPI.swift; path = Locavel/Content/LocavelAPI.swift; sourceTree = SOURCE_ROOT; };
		1AB854F72C78CD4F00471F24 /* ReviewAPI.swift */ = {isa = PBXFileReference; fileEncoding = 4; lastKnownFileType = sourcecode.swift; path = ReviewAPI.swift; sourceTree = "<group>"; };
		1AB854F92C78CD5500471F24 /* ReviewView.swift */ = {isa = PBXFileReference; fileEncoding = 4; lastKnownFileType = sourcecode.swift; path = ReviewView.swift; sourceTree = "<group>"; };
		1AB854FA2C78CD5500471F24 /* ReviewViewModel.swift */ = {isa = PBXFileReference; fileEncoding = 4; lastKnownFileType = sourcecode.swift; path = ReviewViewModel.swift; sourceTree = "<group>"; };
		1AC7DBCC2C4CCE86007896A4 /* InfoView.swift */ = {isa = PBXFileReference; lastKnownFileType = sourcecode.swift; path = InfoView.swift; sourceTree = "<group>"; };
		1AC7DBCE2C4CCEB7007896A4 /* FoodView.swift */ = {isa = PBXFileReference; lastKnownFileType = sourcecode.swift; path = FoodView.swift; sourceTree = "<group>"; };
		1AC7DBD02C4CCEC1007896A4 /* SpotView.swift */ = {isa = PBXFileReference; lastKnownFileType = sourcecode.swift; path = SpotView.swift; sourceTree = "<group>"; };
		1AC7DBD22C4CCEC8007896A4 /* ActivityView.swift */ = {isa = PBXFileReference; lastKnownFileType = sourcecode.swift; path = ActivityView.swift; sourceTree = "<group>"; };
		1AF6CDD92C727BAD00E46AC5 /* FoodInterestingView.swift */ = {isa = PBXFileReference; lastKnownFileType = sourcecode.swift; path = FoodInterestingView.swift; sourceTree = "<group>"; };
		1F2BEA322C5A13F7004D9974 /* StartView.swift */ = {isa = PBXFileReference; lastKnownFileType = sourcecode.swift; path = StartView.swift; sourceTree = "<group>"; };
		1F2CC7B42C71BD29009E836D /* NaverAuth.swift */ = {isa = PBXFileReference; lastKnownFileType = sourcecode.swift; name = NaverAuth.swift; path = Locavel/Content/LogIn/Components/NaverAuth.swift; sourceTree = SOURCE_ROOT; };
		1F35DF512C71B4EC00D1EF30 /* kakaoButton.swift */ = {isa = PBXFileReference; lastKnownFileType = sourcecode.swift; path = kakaoButton.swift; sourceTree = "<group>"; };
		1F35DF532C71B51200D1EF30 /* naverButton.swift */ = {isa = PBXFileReference; lastKnownFileType = sourcecode.swift; path = naverButton.swift; sourceTree = "<group>"; };
		1F4E5A5D2C78B25E00A3F048 /* UserView.swift */ = {isa = PBXFileReference; lastKnownFileType = sourcecode.swift; path = UserView.swift; sourceTree = "<group>"; };
		1F7F3F632C78FF4D001E67A6 /* SignUpViewModel.swift */ = {isa = PBXFileReference; lastKnownFileType = sourcecode.swift; path = SignUpViewModel.swift; sourceTree = "<group>"; };
		1F85E4C12C78EE2A00017FE1 /* ReviewSettingView.swift */ = {isa = PBXFileReference; lastKnownFileType = sourcecode.swift; path = ReviewSettingView.swift; sourceTree = "<group>"; };
		1F85E4C32C78EE4200017FE1 /* WishListSettingView.swift */ = {isa = PBXFileReference; lastKnownFileType = sourcecode.swift; path = WishListSettingView.swift; sourceTree = "<group>"; };
		1F8612AD2C78C21900ADBA67 /* SettingView.swift */ = {isa = PBXFileReference; lastKnownFileType = sourcecode.swift; path = SettingView.swift; sourceTree = "<group>"; };
		1F8C06DF2C77573600EA90DC /* CustomTextFieldStyle.swift */ = {isa = PBXFileReference; fileEncoding = 4; lastKnownFileType = sourcecode.swift; path = CustomTextFieldStyle.swift; sourceTree = "<group>"; };
		1F8C06E12C77573600EA90DC /* SignUpView.swift */ = {isa = PBXFileReference; fileEncoding = 4; lastKnownFileType = sourcecode.swift; path = SignUpView.swift; sourceTree = "<group>"; };
		1FE2B7722C799A4A00696205 /* SecondLogInView.swift */ = {isa = PBXFileReference; lastKnownFileType = sourcecode.swift; path = SecondLogInView.swift; sourceTree = "<group>"; };
		1FE2B7742C799B4E00696205 /* LogInViewModel.swift */ = {isa = PBXFileReference; lastKnownFileType = sourcecode.swift; path = LogInViewModel.swift; sourceTree = "<group>"; };
		1FF357D22C77640A0033FDAE /* FirstSignUpView.swift */ = {isa = PBXFileReference; lastKnownFileType = sourcecode.swift; path = FirstSignUpView.swift; sourceTree = "<group>"; };
		1FF7F8C62C724B5100868D06 /* LogInAPI.swift */ = {isa = PBXFileReference; lastKnownFileType = sourcecode.swift; path = LogInAPI.swift; sourceTree = "<group>"; };
		1FFD66C92C5A114D002EC096 /* SplashView.swift */ = {isa = PBXFileReference; lastKnownFileType = sourcecode.swift; path = SplashView.swift; sourceTree = "<group>"; };
		3056DAAD2C4AA789002B9378 /* Locavel.app */ = {isa = PBXFileReference; explicitFileType = wrapper.application; includeInIndex = 0; path = Locavel.app; sourceTree = BUILT_PRODUCTS_DIR; };
		3056DAB02C4AA789002B9378 /* LocavelApp.swift */ = {isa = PBXFileReference; lastKnownFileType = sourcecode.swift; path = LocavelApp.swift; sourceTree = "<group>"; };
		3056DAB22C4AA789002B9378 /* ContentView.swift */ = {isa = PBXFileReference; lastKnownFileType = sourcecode.swift; path = ContentView.swift; sourceTree = "<group>"; };
		3056DAB42C4AA78A002B9378 /* Assets.xcassets */ = {isa = PBXFileReference; lastKnownFileType = folder.assetcatalog; path = Assets.xcassets; sourceTree = "<group>"; };
		3056DAB72C4AA78A002B9378 /* Preview Assets.xcassets */ = {isa = PBXFileReference; lastKnownFileType = folder.assetcatalog; path = "Preview Assets.xcassets"; sourceTree = "<group>"; };
		3056DABD2C4AA78A002B9378 /* LocavelTests.xctest */ = {isa = PBXFileReference; explicitFileType = wrapper.cfbundle; includeInIndex = 0; path = LocavelTests.xctest; sourceTree = BUILT_PRODUCTS_DIR; };
		3056DAC72C4AA78A002B9378 /* LocavelUITests.xctest */ = {isa = PBXFileReference; explicitFileType = wrapper.cfbundle; includeInIndex = 0; path = LocavelUITests.xctest; sourceTree = BUILT_PRODUCTS_DIR; };
		3056DADE2C4AA993002B9378 /* ColorManager.swift */ = {isa = PBXFileReference; lastKnownFileType = sourcecode.swift; path = ColorManager.swift; sourceTree = "<group>"; };
		3056DAE42C4AAA5C002B9378 /* SearchBarView.swift */ = {isa = PBXFileReference; lastKnownFileType = sourcecode.swift; path = SearchBarView.swift; sourceTree = "<group>"; };
		3056DAE62C4AAA7A002B9378 /* SurroundView.swift */ = {isa = PBXFileReference; lastKnownFileType = sourcecode.swift; path = SurroundView.swift; sourceTree = "<group>"; };
		3056DAEA2C4AAAC7002B9378 /* WishListView.swift */ = {isa = PBXFileReference; lastKnownFileType = sourcecode.swift; path = WishListView.swift; sourceTree = "<group>"; };
		3056DAF02C4AAB25002B9378 /* WishListFood.swift */ = {isa = PBXFileReference; lastKnownFileType = sourcecode.swift; path = WishListFood.swift; sourceTree = "<group>"; };
		3056DAF22C4AAB40002B9378 /* MyPageView.swift */ = {isa = PBXFileReference; lastKnownFileType = sourcecode.swift; path = MyPageView.swift; sourceTree = "<group>"; };
		3056DAF42C4AAB5C002B9378 /* LogInView.swift */ = {isa = PBXFileReference; lastKnownFileType = sourcecode.swift; path = LogInView.swift; sourceTree = "<group>"; };
		30573F8C2C73544C00BF49C4 /* LoadingPageView.swift */ = {isa = PBXFileReference; lastKnownFileType = sourcecode.swift; path = LoadingPageView.swift; sourceTree = "<group>"; };
		30573F8E2C7387A000BF49C4 /* HomeViewModel.swift */ = {isa = PBXFileReference; lastKnownFileType = sourcecode.swift; path = HomeViewModel.swift; sourceTree = "<group>"; };
		30824C092C75D6F1003635C3 /* InterestRegionView.swift */ = {isa = PBXFileReference; lastKnownFileType = sourcecode.swift; path = InterestRegionView.swift; sourceTree = "<group>"; };
		30824C0B2C75D756003635C3 /* MyRegionView.swift */ = {isa = PBXFileReference; lastKnownFileType = sourcecode.swift; path = MyRegionView.swift; sourceTree = "<group>"; };
		30824C0D2C75ED9C003635C3 /* AddRegionView.swift */ = {isa = PBXFileReference; lastKnownFileType = sourcecode.swift; path = AddRegionView.swift; sourceTree = "<group>"; };
		30824C0F2C7759BB003635C3 /* PlacesListView.swift */ = {isa = PBXFileReference; lastKnownFileType = sourcecode.swift; path = PlacesListView.swift; sourceTree = "<group>"; };
		30824C132C787A8B003635C3 /* PlaceDetailView.swift */ = {isa = PBXFileReference; lastKnownFileType = sourcecode.swift; path = PlaceDetailView.swift; sourceTree = "<group>"; };
		30824C152C78A63E003635C3 /* AroundPlacesView.swift */ = {isa = PBXFileReference; lastKnownFileType = sourcecode.swift; path = AroundPlacesView.swift; sourceTree = "<group>"; };
		30A1C2A92C4D43D300EB10EC /* Info.plist */ = {isa = PBXFileReference; lastKnownFileType = text.plist; path = Info.plist; sourceTree = "<group>"; };
		30BCE9B12C6A4663006782B8 /* MapView.swift */ = {isa = PBXFileReference; lastKnownFileType = sourcecode.swift; path = MapView.swift; sourceTree = "<group>"; };
		30BCE9B32C6A4675006782B8 /* LocationManager.swift */ = {isa = PBXFileReference; lastKnownFileType = sourcecode.swift; path = LocationManager.swift; sourceTree = "<group>"; };
		30BCE9B52C6B8C15006782B8 /* IdentifiableMapItem.swift */ = {isa = PBXFileReference; lastKnownFileType = sourcecode.swift; path = IdentifiableMapItem.swift; sourceTree = "<group>"; };
		30BCE9B72C6DEFDD006782B8 /* BottomSheetView.swift */ = {isa = PBXFileReference; lastKnownFileType = sourcecode.swift; path = BottomSheetView.swift; sourceTree = "<group>"; };
		30BCE9B92C6EFBC0006782B8 /* RegisterPlaceView.swift */ = {isa = PBXFileReference; lastKnownFileType = sourcecode.swift; path = RegisterPlaceView.swift; sourceTree = "<group>"; };
		30BCE9BB2C6F1FF3006782B8 /* RatingView.swift */ = {isa = PBXFileReference; lastKnownFileType = sourcecode.swift; path = RatingView.swift; sourceTree = "<group>"; };
		30BCE9BD2C6F254E006782B8 /* CategorySelectionView.swift */ = {isa = PBXFileReference; lastKnownFileType = sourcecode.swift; path = CategorySelectionView.swift; sourceTree = "<group>"; };
		30BCE9BF2C71F8D7006782B8 /* RegisterReviewView.swift */ = {isa = PBXFileReference; lastKnownFileType = sourcecode.swift; path = RegisterReviewView.swift; sourceTree = "<group>"; };
		30BCE9C52C722C45006782B8 /* EnrollLocationView.swift */ = {isa = PBXFileReference; lastKnownFileType = sourcecode.swift; path = EnrollLocationView.swift; sourceTree = "<group>"; };
		30BCE9C82C724BAF006782B8 /* NMLocationManager.swift */ = {isa = PBXFileReference; lastKnownFileType = sourcecode.swift; path = NMLocationManager.swift; sourceTree = "<group>"; };
		3A798270E9AEDF14BD5D308B /* Pods-Locavel-LocavelUITests.release.xcconfig */ = {isa = PBXFileReference; includeInIndex = 1; lastKnownFileType = text.xcconfig; name = "Pods-Locavel-LocavelUITests.release.xcconfig"; path = "Target Support Files/Pods-Locavel-LocavelUITests/Pods-Locavel-LocavelUITests.release.xcconfig"; sourceTree = "<group>"; };
		84962AB0EA997963AED02044 /* Pods_LocavelTests.framework */ = {isa = PBXFileReference; explicitFileType = wrapper.framework; includeInIndex = 0; path = Pods_LocavelTests.framework; sourceTree = BUILT_PRODUCTS_DIR; };
		9C1448BA28DF5ECEB3DD85E0 /* Pods-Locavel.release.xcconfig */ = {isa = PBXFileReference; includeInIndex = 1; lastKnownFileType = text.xcconfig; name = "Pods-Locavel.release.xcconfig"; path = "Target Support Files/Pods-Locavel/Pods-Locavel.release.xcconfig"; sourceTree = "<group>"; };
		9C86F39A4FCE84B365DD5E03 /* Pods-Locavel-LocavelUITests.debug.xcconfig */ = {isa = PBXFileReference; includeInIndex = 1; lastKnownFileType = text.xcconfig; name = "Pods-Locavel-LocavelUITests.debug.xcconfig"; path = "Target Support Files/Pods-Locavel-LocavelUITests/Pods-Locavel-LocavelUITests.debug.xcconfig"; sourceTree = "<group>"; };
		C6552250B1C0355A3D9269A3 /* Pods-Locavel.debug.xcconfig */ = {isa = PBXFileReference; includeInIndex = 1; lastKnownFileType = text.xcconfig; name = "Pods-Locavel.debug.xcconfig"; path = "Target Support Files/Pods-Locavel/Pods-Locavel.debug.xcconfig"; sourceTree = "<group>"; };
		CF808EE2AAF1DD8E8A6A7ECE /* Pods_Locavel.framework */ = {isa = PBXFileReference; explicitFileType = wrapper.framework; includeInIndex = 0; path = Pods_Locavel.framework; sourceTree = BUILT_PRODUCTS_DIR; };
		D3A2C9509B85048BAD0BE948 /* Pods-LocavelTests.debug.xcconfig */ = {isa = PBXFileReference; includeInIndex = 1; lastKnownFileType = text.xcconfig; name = "Pods-LocavelTests.debug.xcconfig"; path = "Target Support Files/Pods-LocavelTests/Pods-LocavelTests.debug.xcconfig"; sourceTree = "<group>"; };
/* End PBXFileReference section */

/* Begin PBXFrameworksBuildPhase section */
		3056DAAA2C4AA789002B9378 /* Frameworks */ = {
			isa = PBXFrameworksBuildPhase;
			buildActionMask = 2147483647;
			files = (
				1AB3E3A02C6881ED009F7817 /* RxMoya in Frameworks */,
				1F35DF4D2C71B3C800D1EF30 /* KakaoSDKCommon in Frameworks */,
				1AB3E39A2C6881ED009F7817 /* CombineMoya in Frameworks */,
				1AB3E39E2C6881ED009F7817 /* ReactiveMoya in Frameworks */,
				1F35DF4F2C71B3C800D1EF30 /* KakaoSDKUser in Frameworks */,
				7D2F8694CBFD8AA76A69892A /* Pods_Locavel.framework in Frameworks */,
				1AB3E39C2C6881ED009F7817 /* Moya in Frameworks */,
				1F35DF572C71B53D00D1EF30 /* NaverThirdPartyLogin in Frameworks */,
				1F35DF4B2C71B3C800D1EF30 /* KakaoSDKAuth in Frameworks */,
			);
			runOnlyForDeploymentPostprocessing = 0;
		};
		3056DABA2C4AA78A002B9378 /* Frameworks */ = {
			isa = PBXFrameworksBuildPhase;
			buildActionMask = 2147483647;
			files = (
				D9EE5ED3DB3A2EFBC5D73870 /* Pods_LocavelTests.framework in Frameworks */,
			);
			runOnlyForDeploymentPostprocessing = 0;
		};
		3056DAC42C4AA78A002B9378 /* Frameworks */ = {
			isa = PBXFrameworksBuildPhase;
			buildActionMask = 2147483647;
			files = (
				475CF81C4DE7AA1121FA5278 /* Pods_Locavel_LocavelUITests.framework in Frameworks */,
			);
			runOnlyForDeploymentPostprocessing = 0;
		};
/* End PBXFrameworksBuildPhase section */

/* Begin PBXGroup section */
		1A03C6BF2C64B24200CAEC41 /* Home */ = {
			isa = PBXGroup;
			children = (
				30BCE9C72C724B88006782B8 /* EnrollLocation */,
				1A03C6BD2C64B08D00CAEC41 /* HomeView.swift */,
				30573F8E2C7387A000BF49C4 /* HomeViewModel.swift */,
				30824C0B2C75D756003635C3 /* MyRegionView.swift */,
				30824C092C75D6F1003635C3 /* InterestRegionView.swift */,
				30824C0D2C75ED9C003635C3 /* AddRegionView.swift */,
				1F4E5A5D2C78B25E00A3F048 /* UserView.swift */,
			);
			path = Home;
			sourceTree = "<group>";
		};
		1AB3E3972C687A56009F7817 /* ViewModel */ = {
			isa = PBXGroup;
			children = (
				1A03C6B72C64A7E200CAEC41 /* FoodViewModel.swift */,
				1A03C6B92C64AB6600CAEC41 /* SpotViewModel.swift */,
				1A49965B2C748BD600D491CB /* ActivityViewModel.swift */,
			);
			path = ViewModel;
			sourceTree = "<group>";
		};
		1AB3E3A12C688654009F7817 /* API */ = {
			isa = PBXGroup;
			children = (
				1AB3E3A22C688674009F7817 /* LocavelAPI.swift */,
				1AAE4D442C6DE8A900D29666 /* WishListAPI.swift */,
				1AB854F72C78CD4F00471F24 /* ReviewAPI.swift */,
				1AAE4D462C6DE9B600D29666 /* TokenManager.swift */,
				1FF7F8C62C724B5100868D06 /* LogInAPI.swift */,
			);
			path = API;
			sourceTree = "<group>";
		};
		1AB854FB2C78CD5500471F24 /* Review */ = {
			isa = PBXGroup;
			children = (
				1AB854F92C78CD5500471F24 /* ReviewView.swift */,
				1AB854FA2C78CD5500471F24 /* ReviewViewModel.swift */,
			);
			path = Review;
			sourceTree = "<group>";
		};
		1AF6CDD62C727B6E00E46AC5 /* Food */ = {
			isa = PBXGroup;
			children = (
				1AC7DBCE2C4CCEB7007896A4 /* FoodView.swift */,
				1A03C6BB2C64ADEF00CAEC41 /* FoodMyRegionView.swift */,
				1AF6CDD92C727BAD00E46AC5 /* FoodInterestingView.swift */,
			);
			path = Food;
			sourceTree = "<group>";
		};
		1AF6CDD72C727B7D00E46AC5 /* Spot */ = {
			isa = PBXGroup;
			children = (
				1AC7DBD02C4CCEC1007896A4 /* SpotView.swift */,
				1A5ACC172C53C27A00E6BFD6 /* SpotMyRegionView.swift */,
				1A5ACC192C53C52200E6BFD6 /* SpotInterestingView.swift */,
			);
			path = Spot;
			sourceTree = "<group>";
		};
		1AF6CDD82C727B8500E46AC5 /* Activity */ = {
			isa = PBXGroup;
			children = (
				1AC7DBD22C4CCEC8007896A4 /* ActivityView.swift */,
				1A4996552C748A3D00D491CB /* ActivityMyRegionView.swift */,
				1A4996572C748A5400D491CB /* ActivityInterestingView.swift */,
			);
			path = Activity;
			sourceTree = "<group>";
		};
		1F2BEA342C5A1406004D9974 /* View */ = {
			isa = PBXGroup;
			children = (
				1FFD66C92C5A114D002EC096 /* SplashView.swift */,
				1F2BEA322C5A13F7004D9974 /* StartView.swift */,
				3056DAF42C4AAB5C002B9378 /* LogInView.swift */,
				1FE2B7722C799A4A00696205 /* SecondLogInView.swift */,
				1FE2B7742C799B4E00696205 /* LogInViewModel.swift */,
			);
			path = View;
			sourceTree = "<group>";
		};
		1F2BEA352C5A140C004D9974 /* Data */ = {
			isa = PBXGroup;
			children = (
				1F2CC7B42C71BD29009E836D /* NaverAuth.swift */,
			);
			path = Data;
			sourceTree = "<group>";
		};
		1F35DF502C71B4B500D1EF30 /* Components */ = {
			isa = PBXGroup;
			children = (
				1F35DF512C71B4EC00D1EF30 /* kakaoButton.swift */,
				1F35DF532C71B51200D1EF30 /* naverButton.swift */,
			);
			path = Components;
			sourceTree = "<group>";
		};
		1F8C06E02C77573600EA90DC /* Components */ = {
			isa = PBXGroup;
			children = (
				1F8C06DF2C77573600EA90DC /* CustomTextFieldStyle.swift */,
			);
			path = Components;
			sourceTree = "<group>";
		};
		1F8C06E22C77573600EA90DC /* View */ = {
			isa = PBXGroup;
			children = (
				1FF357D22C77640A0033FDAE /* FirstSignUpView.swift */,
				1F8C06E12C77573600EA90DC /* SignUpView.swift */,
				1F7F3F632C78FF4D001E67A6 /* SignUpViewModel.swift */,
			);
			path = View;
			sourceTree = "<group>";
		};
		1F8C06E32C77573600EA90DC /* SignUp */ = {
			isa = PBXGroup;
			children = (
				1F8C06E02C77573600EA90DC /* Components */,
				1F8C06E22C77573600EA90DC /* View */,
			);
			path = SignUp;
			sourceTree = "<group>";
		};
		3056DAA42C4AA789002B9378 = {
			isa = PBXGroup;
			children = (
				3056DAAF2C4AA789002B9378 /* Locavel */,
				3056DAAE2C4AA789002B9378 /* Products */,
				DC3D515366B164F61317CBF4 /* Pods */,
				D4E786BD6DAE1138A76031F4 /* Frameworks */,
			);
			sourceTree = "<group>";
		};
		3056DAAE2C4AA789002B9378 /* Products */ = {
			isa = PBXGroup;
			children = (
				3056DAAD2C4AA789002B9378 /* Locavel.app */,
				3056DABD2C4AA78A002B9378 /* LocavelTests.xctest */,
				3056DAC72C4AA78A002B9378 /* LocavelUITests.xctest */,
			);
			name = Products;
			sourceTree = "<group>";
		};
		3056DAAF2C4AA789002B9378 /* Locavel */ = {
			isa = PBXGroup;
			children = (
				30A1C2A92C4D43D300EB10EC /* Info.plist */,
				1AB3E3A12C688654009F7817 /* API */,
				3056DAB02C4AA789002B9378 /* LocavelApp.swift */,
				3056DADA2C4AA7FD002B9378 /* Content */,
				3056DADB2C4AA80F002B9378 /* Resources */,
				3056DAB62C4AA78A002B9378 /* Preview Content */,
			);
			path = Locavel;
			sourceTree = "<group>";
		};
		3056DAB62C4AA78A002B9378 /* Preview Content */ = {
			isa = PBXGroup;
			children = (
				3056DAB72C4AA78A002B9378 /* Preview Assets.xcassets */,
			);
			path = "Preview Content";
			sourceTree = "<group>";
		};
		3056DADA2C4AA7FD002B9378 /* Content */ = {
			isa = PBXGroup;
			children = (
				3056DAB22C4AA789002B9378 /* ContentView.swift */,
				1AB854FB2C78CD5500471F24 /* Review */,
				1A03C6BF2C64B24200CAEC41 /* Home */,
				3056DAE02C4AA9D6002B9378 /* Surround */,
				3056DAE12C4AA9DF002B9378 /* WishList */,
				3056DAE22C4AA9E7002B9378 /* MyPage */,
				1F8C06E32C77573600EA90DC /* SignUp */,
				3056DAE32C4AA9F0002B9378 /* LogIn */,
			);
			path = Content;
			sourceTree = "<group>";
		};
		3056DADB2C4AA80F002B9378 /* Resources */ = {
			isa = PBXGroup;
			children = (
				3056DAB42C4AA78A002B9378 /* Assets.xcassets */,
				3056DADE2C4AA993002B9378 /* ColorManager.swift */,
			);
			path = Resources;
			sourceTree = "<group>";
		};
		3056DAE02C4AA9D6002B9378 /* Surround */ = {
			isa = PBXGroup;
			children = (
				30BCE9C22C72018C006782B8 /* BottomSheet */,
				30BCE9C12C720154006782B8 /* MapKit */,
				3056DAE62C4AAA7A002B9378 /* SurroundView.swift */,
				3056DAE42C4AAA5C002B9378 /* SearchBarView.swift */,
				30824C0F2C7759BB003635C3 /* PlacesListView.swift */,
			);
			path = Surround;
			sourceTree = "<group>";
		};
		3056DAE12C4AA9DF002B9378 /* WishList */ = {
			isa = PBXGroup;
			children = (
				3056DAE82C4AAAA7002B9378 /* View */,
				3056DAE92C4AAAAE002B9378 /* Data */,
			);
			path = WishList;
			sourceTree = "<group>";
		};
		3056DAE22C4AA9E7002B9378 /* MyPage */ = {
			isa = PBXGroup;
			children = (
				3056DAF22C4AAB40002B9378 /* MyPageView.swift */,
				1F8612AD2C78C21900ADBA67 /* SettingView.swift */,
				1F85E4C12C78EE2A00017FE1 /* ReviewSettingView.swift */,
				1F85E4C32C78EE4200017FE1 /* WishListSettingView.swift */,
			);
			path = MyPage;
			sourceTree = "<group>";
		};
		3056DAE32C4AA9F0002B9378 /* LogIn */ = {
			isa = PBXGroup;
			children = (
				1F35DF502C71B4B500D1EF30 /* Components */,
				1F2BEA352C5A140C004D9974 /* Data */,
				1F2BEA342C5A1406004D9974 /* View */,
			);
			path = LogIn;
			sourceTree = "<group>";
		};
		3056DAE82C4AAAA7002B9378 /* View */ = {
			isa = PBXGroup;
			children = (
				1AF6CDD62C727B6E00E46AC5 /* Food */,
				1AF6CDD72C727B7D00E46AC5 /* Spot */,
				1AF6CDD82C727B8500E46AC5 /* Activity */,
				1AB3E3972C687A56009F7817 /* ViewModel */,
				3056DAEA2C4AAAC7002B9378 /* WishListView.swift */,
				1AC7DBCC2C4CCE86007896A4 /* InfoView.swift */,
			);
			path = View;
			sourceTree = "<group>";
		};
		3056DAE92C4AAAAE002B9378 /* Data */ = {
			isa = PBXGroup;
			children = (
				1A850DCB2C57E07500D02E0A /* SpotRestaurant.swift */,
				1A4996592C748AE900D491CB /* ActivityRestaurant.swift */,
				1A03C6B52C64A7B300CAEC41 /* FoodRestaurant.swift */,
				3056DAF02C4AAB25002B9378 /* WishListFood.swift */,
			);
			path = Data;
			sourceTree = "<group>";
		};
		30824C172C78A7B4003635C3 /* PlaceDetail */ = {
			isa = PBXGroup;
			children = (
				30824C132C787A8B003635C3 /* PlaceDetailView.swift */,
				30824C152C78A63E003635C3 /* AroundPlacesView.swift */,
			);
			path = PlaceDetail;
			sourceTree = "<group>";
		};
		30BCE9C12C720154006782B8 /* MapKit */ = {
			isa = PBXGroup;
			children = (
				30824C172C78A7B4003635C3 /* PlaceDetail */,
				30BCE9B52C6B8C15006782B8 /* IdentifiableMapItem.swift */,
				30BCE9B32C6A4675006782B8 /* LocationManager.swift */,
				30BCE9B12C6A4663006782B8 /* MapView.swift */,
			);
			path = MapKit;
			sourceTree = "<group>";
		};
		30BCE9C22C72018C006782B8 /* BottomSheet */ = {
			isa = PBXGroup;
			children = (
				30BCE9C42C720244006782B8 /* RegisterReview */,
				30BCE9C32C720223006782B8 /* RegisterPlace */,
				30BCE9B72C6DEFDD006782B8 /* BottomSheetView.swift */,
			);
			path = BottomSheet;
			sourceTree = "<group>";
		};
		30BCE9C32C720223006782B8 /* RegisterPlace */ = {
			isa = PBXGroup;
			children = (
				30BCE9B92C6EFBC0006782B8 /* RegisterPlaceView.swift */,
				30BCE9BD2C6F254E006782B8 /* CategorySelectionView.swift */,
				30BCE9BB2C6F1FF3006782B8 /* RatingView.swift */,
			);
			path = RegisterPlace;
			sourceTree = "<group>";
		};
		30BCE9C42C720244006782B8 /* RegisterReview */ = {
			isa = PBXGroup;
			children = (
				30BCE9BF2C71F8D7006782B8 /* RegisterReviewView.swift */,
			);
			path = RegisterReview;
			sourceTree = "<group>";
		};
		30BCE9C72C724B88006782B8 /* EnrollLocation */ = {
			isa = PBXGroup;
			children = (
				30BCE9C52C722C45006782B8 /* EnrollLocationView.swift */,
				30BCE9C82C724BAF006782B8 /* NMLocationManager.swift */,
				30573F8C2C73544C00BF49C4 /* LoadingPageView.swift */,
			);
			path = EnrollLocation;
			sourceTree = "<group>";
		};
		D4E786BD6DAE1138A76031F4 /* Frameworks */ = {
			isa = PBXGroup;
			children = (
				CF808EE2AAF1DD8E8A6A7ECE /* Pods_Locavel.framework */,
				16E0C007A09D5BAD0A4E5979 /* Pods_Locavel_LocavelUITests.framework */,
				84962AB0EA997963AED02044 /* Pods_LocavelTests.framework */,
			);
			name = Frameworks;
			sourceTree = "<group>";
		};
		DC3D515366B164F61317CBF4 /* Pods */ = {
			isa = PBXGroup;
			children = (
				C6552250B1C0355A3D9269A3 /* Pods-Locavel.debug.xcconfig */,
				9C1448BA28DF5ECEB3DD85E0 /* Pods-Locavel.release.xcconfig */,
				9C86F39A4FCE84B365DD5E03 /* Pods-Locavel-LocavelUITests.debug.xcconfig */,
				3A798270E9AEDF14BD5D308B /* Pods-Locavel-LocavelUITests.release.xcconfig */,
				D3A2C9509B85048BAD0BE948 /* Pods-LocavelTests.debug.xcconfig */,
				042E9A9D05A62E40909CB5E4 /* Pods-LocavelTests.release.xcconfig */,
			);
			path = Pods;
			sourceTree = "<group>";
		};
/* End PBXGroup section */

/* Begin PBXNativeTarget section */
		3056DAAC2C4AA789002B9378 /* Locavel */ = {
			isa = PBXNativeTarget;
			buildConfigurationList = 3056DAD12C4AA78A002B9378 /* Build configuration list for PBXNativeTarget "Locavel" */;
			buildPhases = (
				69D77947C916546911A8B950 /* [CP] Check Pods Manifest.lock */,
				3056DAA92C4AA789002B9378 /* Sources */,
				3056DAAA2C4AA789002B9378 /* Frameworks */,
				3056DAAB2C4AA789002B9378 /* Resources */,
				A8E856E38EEC4F8DE44A3D9D /* [CP] Embed Pods Frameworks */,
			);
			buildRules = (
			);
			dependencies = (
			);
			name = Locavel;
			packageProductDependencies = (
				1AB3E3992C6881ED009F7817 /* CombineMoya */,
				1AB3E39B2C6881ED009F7817 /* Moya */,
				1AB3E39D2C6881ED009F7817 /* ReactiveMoya */,
				1AB3E39F2C6881ED009F7817 /* RxMoya */,
				1F35DF4A2C71B3C800D1EF30 /* KakaoSDKAuth */,
				1F35DF4C2C71B3C800D1EF30 /* KakaoSDKCommon */,
				1F35DF4E2C71B3C800D1EF30 /* KakaoSDKUser */,
				1F35DF562C71B53D00D1EF30 /* NaverThirdPartyLogin */,
			);
			productName = Locavel;
			productReference = 3056DAAD2C4AA789002B9378 /* Locavel.app */;
			productType = "com.apple.product-type.application";
		};
		3056DABC2C4AA78A002B9378 /* LocavelTests */ = {
			isa = PBXNativeTarget;
			buildConfigurationList = 3056DAD42C4AA78A002B9378 /* Build configuration list for PBXNativeTarget "LocavelTests" */;
			buildPhases = (
				1958F6179556861FE3C27768 /* [CP] Check Pods Manifest.lock */,
				3056DAB92C4AA78A002B9378 /* Sources */,
				3056DABA2C4AA78A002B9378 /* Frameworks */,
				3056DABB2C4AA78A002B9378 /* Resources */,
			);
			buildRules = (
			);
			dependencies = (
				3056DABF2C4AA78A002B9378 /* PBXTargetDependency */,
			);
			name = LocavelTests;
			productName = LocavelTests;
			productReference = 3056DABD2C4AA78A002B9378 /* LocavelTests.xctest */;
			productType = "com.apple.product-type.bundle.unit-test";
		};
		3056DAC62C4AA78A002B9378 /* LocavelUITests */ = {
			isa = PBXNativeTarget;
			buildConfigurationList = 3056DAD72C4AA78A002B9378 /* Build configuration list for PBXNativeTarget "LocavelUITests" */;
			buildPhases = (
				1FEE1C2FC1F181875E07CD21 /* [CP] Check Pods Manifest.lock */,
				3056DAC32C4AA78A002B9378 /* Sources */,
				3056DAC42C4AA78A002B9378 /* Frameworks */,
				3056DAC52C4AA78A002B9378 /* Resources */,
				86462D358F1D26A19416F74F /* [CP] Embed Pods Frameworks */,
			);
			buildRules = (
			);
			dependencies = (
				3056DAC92C4AA78A002B9378 /* PBXTargetDependency */,
			);
			name = LocavelUITests;
			productName = LocavelUITests;
			productReference = 3056DAC72C4AA78A002B9378 /* LocavelUITests.xctest */;
			productType = "com.apple.product-type.bundle.ui-testing";
		};
/* End PBXNativeTarget section */

/* Begin PBXProject section */
		3056DAA52C4AA789002B9378 /* Project object */ = {
			isa = PBXProject;
			attributes = {
				BuildIndependentTargetsInParallel = 1;
				LastSwiftUpdateCheck = 1540;
				LastUpgradeCheck = 1540;
				TargetAttributes = {
					3056DAAC2C4AA789002B9378 = {
						CreatedOnToolsVersion = 15.4;
					};
					3056DABC2C4AA78A002B9378 = {
						CreatedOnToolsVersion = 15.4;
						TestTargetID = 3056DAAC2C4AA789002B9378;
					};
					3056DAC62C4AA78A002B9378 = {
						CreatedOnToolsVersion = 15.4;
						TestTargetID = 3056DAAC2C4AA789002B9378;
					};
				};
			};
			buildConfigurationList = 3056DAA82C4AA789002B9378 /* Build configuration list for PBXProject "Locavel" */;
			compatibilityVersion = "Xcode 14.0";
			developmentRegion = en;
			hasScannedForEncodings = 0;
			knownRegions = (
				en,
				Base,
			);
			mainGroup = 3056DAA42C4AA789002B9378;
			packageReferences = (
				1AB3E3982C6881ED009F7817 /* XCRemoteSwiftPackageReference "Moya" */,
				1F35DF492C71B3C800D1EF30 /* XCRemoteSwiftPackageReference "kakao-ios-sdk" */,
				1F35DF552C71B53D00D1EF30 /* XCRemoteSwiftPackageReference "naveridlogin-sdk-ios" */,
			);
			productRefGroup = 3056DAAE2C4AA789002B9378 /* Products */;
			projectDirPath = "";
			projectRoot = "";
			targets = (
				3056DAAC2C4AA789002B9378 /* Locavel */,
				3056DABC2C4AA78A002B9378 /* LocavelTests */,
				3056DAC62C4AA78A002B9378 /* LocavelUITests */,
			);
		};
/* End PBXProject section */

/* Begin PBXResourcesBuildPhase section */
		3056DAAB2C4AA789002B9378 /* Resources */ = {
			isa = PBXResourcesBuildPhase;
			buildActionMask = 2147483647;
			files = (
				3056DAB82C4AA78A002B9378 /* Preview Assets.xcassets in Resources */,
				3056DAB52C4AA78A002B9378 /* Assets.xcassets in Resources */,
			);
			runOnlyForDeploymentPostprocessing = 0;
		};
		3056DABB2C4AA78A002B9378 /* Resources */ = {
			isa = PBXResourcesBuildPhase;
			buildActionMask = 2147483647;
			files = (
			);
			runOnlyForDeploymentPostprocessing = 0;
		};
		3056DAC52C4AA78A002B9378 /* Resources */ = {
			isa = PBXResourcesBuildPhase;
			buildActionMask = 2147483647;
			files = (
			);
			runOnlyForDeploymentPostprocessing = 0;
		};
/* End PBXResourcesBuildPhase section */

/* Begin PBXShellScriptBuildPhase section */
		1958F6179556861FE3C27768 /* [CP] Check Pods Manifest.lock */ = {
			isa = PBXShellScriptBuildPhase;
			buildActionMask = 2147483647;
			files = (
			);
			inputFileListPaths = (
			);
			inputPaths = (
				"${PODS_PODFILE_DIR_PATH}/Podfile.lock",
				"${PODS_ROOT}/Manifest.lock",
			);
			name = "[CP] Check Pods Manifest.lock";
			outputFileListPaths = (
			);
			outputPaths = (
				"$(DERIVED_FILE_DIR)/Pods-LocavelTests-checkManifestLockResult.txt",
			);
			runOnlyForDeploymentPostprocessing = 0;
			shellPath = /bin/sh;
			shellScript = "diff \"${PODS_PODFILE_DIR_PATH}/Podfile.lock\" \"${PODS_ROOT}/Manifest.lock\" > /dev/null\nif [ $? != 0 ] ; then\n    # print error to STDERR\n    echo \"error: The sandbox is not in sync with the Podfile.lock. Run 'pod install' or update your CocoaPods installation.\" >&2\n    exit 1\nfi\n# This output is used by Xcode 'outputs' to avoid re-running this script phase.\necho \"SUCCESS\" > \"${SCRIPT_OUTPUT_FILE_0}\"\n";
			showEnvVarsInLog = 0;
		};
		1FEE1C2FC1F181875E07CD21 /* [CP] Check Pods Manifest.lock */ = {
			isa = PBXShellScriptBuildPhase;
			buildActionMask = 2147483647;
			files = (
			);
			inputFileListPaths = (
			);
			inputPaths = (
				"${PODS_PODFILE_DIR_PATH}/Podfile.lock",
				"${PODS_ROOT}/Manifest.lock",
			);
			name = "[CP] Check Pods Manifest.lock";
			outputFileListPaths = (
			);
			outputPaths = (
				"$(DERIVED_FILE_DIR)/Pods-Locavel-LocavelUITests-checkManifestLockResult.txt",
			);
			runOnlyForDeploymentPostprocessing = 0;
			shellPath = /bin/sh;
			shellScript = "diff \"${PODS_PODFILE_DIR_PATH}/Podfile.lock\" \"${PODS_ROOT}/Manifest.lock\" > /dev/null\nif [ $? != 0 ] ; then\n    # print error to STDERR\n    echo \"error: The sandbox is not in sync with the Podfile.lock. Run 'pod install' or update your CocoaPods installation.\" >&2\n    exit 1\nfi\n# This output is used by Xcode 'outputs' to avoid re-running this script phase.\necho \"SUCCESS\" > \"${SCRIPT_OUTPUT_FILE_0}\"\n";
			showEnvVarsInLog = 0;
		};
		69D77947C916546911A8B950 /* [CP] Check Pods Manifest.lock */ = {
			isa = PBXShellScriptBuildPhase;
			buildActionMask = 2147483647;
			files = (
			);
			inputFileListPaths = (
			);
			inputPaths = (
				"${PODS_PODFILE_DIR_PATH}/Podfile.lock",
				"${PODS_ROOT}/Manifest.lock",
			);
			name = "[CP] Check Pods Manifest.lock";
			outputFileListPaths = (
			);
			outputPaths = (
				"$(DERIVED_FILE_DIR)/Pods-Locavel-checkManifestLockResult.txt",
			);
			runOnlyForDeploymentPostprocessing = 0;
			shellPath = /bin/sh;
			shellScript = "diff \"${PODS_PODFILE_DIR_PATH}/Podfile.lock\" \"${PODS_ROOT}/Manifest.lock\" > /dev/null\nif [ $? != 0 ] ; then\n    # print error to STDERR\n    echo \"error: The sandbox is not in sync with the Podfile.lock. Run 'pod install' or update your CocoaPods installation.\" >&2\n    exit 1\nfi\n# This output is used by Xcode 'outputs' to avoid re-running this script phase.\necho \"SUCCESS\" > \"${SCRIPT_OUTPUT_FILE_0}\"\n";
			showEnvVarsInLog = 0;
		};
		86462D358F1D26A19416F74F /* [CP] Embed Pods Frameworks */ = {
			isa = PBXShellScriptBuildPhase;
			buildActionMask = 2147483647;
			files = (
			);
			inputFileListPaths = (
				"${PODS_ROOT}/Target Support Files/Pods-Locavel-LocavelUITests/Pods-Locavel-LocavelUITests-frameworks-${CONFIGURATION}-input-files.xcfilelist",
			);
			name = "[CP] Embed Pods Frameworks";
			outputFileListPaths = (
				"${PODS_ROOT}/Target Support Files/Pods-Locavel-LocavelUITests/Pods-Locavel-LocavelUITests-frameworks-${CONFIGURATION}-output-files.xcfilelist",
			);
			runOnlyForDeploymentPostprocessing = 0;
			shellPath = /bin/sh;
			shellScript = "\"${PODS_ROOT}/Target Support Files/Pods-Locavel-LocavelUITests/Pods-Locavel-LocavelUITests-frameworks.sh\"\n";
			showEnvVarsInLog = 0;
		};
		A8E856E38EEC4F8DE44A3D9D /* [CP] Embed Pods Frameworks */ = {
			isa = PBXShellScriptBuildPhase;
			buildActionMask = 2147483647;
			files = (
			);
			inputFileListPaths = (
				"${PODS_ROOT}/Target Support Files/Pods-Locavel/Pods-Locavel-frameworks-${CONFIGURATION}-input-files.xcfilelist",
			);
			name = "[CP] Embed Pods Frameworks";
			outputFileListPaths = (
				"${PODS_ROOT}/Target Support Files/Pods-Locavel/Pods-Locavel-frameworks-${CONFIGURATION}-output-files.xcfilelist",
			);
			runOnlyForDeploymentPostprocessing = 0;
			shellPath = /bin/sh;
			shellScript = "\"${PODS_ROOT}/Target Support Files/Pods-Locavel/Pods-Locavel-frameworks.sh\"\n";
			showEnvVarsInLog = 0;
		};
/* End PBXShellScriptBuildPhase section */

/* Begin PBXSourcesBuildPhase section */
		3056DAA92C4AA789002B9378 /* Sources */ = {
			isa = PBXSourcesBuildPhase;
			buildActionMask = 2147483647;
			files = (
				1F2BEA332C5A13F7004D9974 /* StartView.swift in Sources */,
				30BCE9C92C724BAF006782B8 /* NMLocationManager.swift in Sources */,
				1A03C6BE2C64B08D00CAEC41 /* HomeView.swift in Sources */,
				1A4996562C748A3D00D491CB /* ActivityMyRegionView.swift in Sources */,
				1AC7DBCF2C4CCEB7007896A4 /* FoodView.swift in Sources */,
				30573F8F2C7387A000BF49C4 /* HomeViewModel.swift in Sources */,
				1F8C06E42C77573600EA90DC /* CustomTextFieldStyle.swift in Sources */,
				3056DAE52C4AAA5C002B9378 /* SearchBarView.swift in Sources */,
				1FFD66CA2C5A114D002EC096 /* SplashView.swift in Sources */,
				1AB3E3A32C688674009F7817 /* LocavelAPI.swift in Sources */,
				3056DADF2C4AA993002B9378 /* ColorManager.swift in Sources */,
				30824C142C787A8B003635C3 /* PlaceDetailView.swift in Sources */,
				1FE2B7752C799B4E00696205 /* LogInViewModel.swift in Sources */,
				1AC7DBD12C4CCEC1007896A4 /* SpotView.swift in Sources */,
				3056DAB32C4AA789002B9378 /* ContentView.swift in Sources */,
				30BCE9BA2C6EFBC0006782B8 /* RegisterPlaceView.swift in Sources */,
				30BCE9BC2C6F1FF4006782B8 /* RatingView.swift in Sources */,
				30BCE9B62C6B8C15006782B8 /* IdentifiableMapItem.swift in Sources */,
				1AC7DBCD2C4CCE86007896A4 /* InfoView.swift in Sources */,
				1AAE4D472C6DE9B600D29666 /* TokenManager.swift in Sources */,
				1F35DF542C71B51200D1EF30 /* naverButton.swift in Sources */,
				1F2CC7B52C71BD29009E836D /* NaverAuth.swift in Sources */,
				1A03C6BA2C64AB6600CAEC41 /* SpotViewModel.swift in Sources */,
				1F35DF522C71B4EC00D1EF30 /* kakaoButton.swift in Sources */,
				1F7F3F642C78FF4D001E67A6 /* SignUpViewModel.swift in Sources */,
				1AC7DBD32C4CCEC8007896A4 /* ActivityView.swift in Sources */,
				3056DAE72C4AAA7A002B9378 /* SurroundView.swift in Sources */,
				30BCE9C02C71F8D7006782B8 /* RegisterReviewView.swift in Sources */,
				30824C0A2C75D6F1003635C3 /* InterestRegionView.swift in Sources */,
				30573F8D2C73544C00BF49C4 /* LoadingPageView.swift in Sources */,
				1F4E5A5E2C78B25E00A3F048 /* UserView.swift in Sources */,
				30824C102C7759BB003635C3 /* PlacesListView.swift in Sources */,
				1A850DCC2C57E07500D02E0A /* SpotRestaurant.swift in Sources */,
				3056DAB12C4AA789002B9378 /* LocavelApp.swift in Sources */,
				30BCE9B82C6DEFDD006782B8 /* BottomSheetView.swift in Sources */,
				1AB854FD2C78CD5500471F24 /* ReviewViewModel.swift in Sources */,
				1AB854FC2C78CD5500471F24 /* ReviewView.swift in Sources */,
				30BCE9C62C722C45006782B8 /* EnrollLocationView.swift in Sources */,
				30824C162C78A63E003635C3 /* AroundPlacesView.swift in Sources */,
				30824C0C2C75D756003635C3 /* MyRegionView.swift in Sources */,
				1A03C6BC2C64ADEF00CAEC41 /* FoodMyRegionView.swift in Sources */,
				30BCE9BE2C6F254E006782B8 /* CategorySelectionView.swift in Sources */,
				1F8C06E52C77573600EA90DC /* SignUpView.swift in Sources */,
				1F85E4C22C78EE2A00017FE1 /* ReviewSettingView.swift in Sources */,
				30BCE9B22C6A4663006782B8 /* MapView.swift in Sources */,
				30824C0E2C75ED9C003635C3 /* AddRegionView.swift in Sources */,
				1F85E4C42C78EE4200017FE1 /* WishListSettingView.swift in Sources */,
				3056DAF32C4AAB40002B9378 /* MyPageView.swift in Sources */,
				1A49965A2C748AE900D491CB /* ActivityRestaurant.swift in Sources */,
				1FF7F8C72C724B5100868D06 /* LogInAPI.swift in Sources */,
				1A5ACC1A2C53C52200E6BFD6 /* SpotInterestingView.swift in Sources */,
				1FF357D32C77640A0033FDAE /* FirstSignUpView.swift in Sources */,
				1A49965C2C748BD600D491CB /* ActivityViewModel.swift in Sources */,
				1A03C6B82C64A7E200CAEC41 /* FoodViewModel.swift in Sources */,
				1AF6CDDA2C727BAD00E46AC5 /* FoodInterestingView.swift in Sources */,
				1AAE4D452C6DE8A900D29666 /* WishListAPI.swift in Sources */,
				1F8612AE2C78C21900ADBA67 /* SettingView.swift in Sources */,
				1A03C6B82C64A7E200CAEC41 /* FoodViewModel.swift in Sources */,
				1AB854F82C78CD4F00471F24 /* ReviewAPI.swift in Sources */,
				1A5ACC182C53C27A00E6BFD6 /* SpotMyRegionView.swift in Sources */,
				3056DAF52C4AAB5C002B9378 /* LogInView.swift in Sources */,
				1A03C6B62C64A7B300CAEC41 /* FoodRestaurant.swift in Sources */,
				3056DAEB2C4AAAC7002B9378 /* WishListView.swift in Sources */,
				3056DAF12C4AAB25002B9378 /* WishListFood.swift in Sources */,
				1A4996582C748A5400D491CB /* ActivityInterestingView.swift in Sources */,
				1FE2B7732C799A4A00696205 /* SecondLogInView.swift in Sources */,
				30BCE9B42C6A4675006782B8 /* LocationManager.swift in Sources */,
			);
			runOnlyForDeploymentPostprocessing = 0;
		};
		3056DAB92C4AA78A002B9378 /* Sources */ = {
			isa = PBXSourcesBuildPhase;
			buildActionMask = 2147483647;
			files = (
			);
			runOnlyForDeploymentPostprocessing = 0;
		};
		3056DAC32C4AA78A002B9378 /* Sources */ = {
			isa = PBXSourcesBuildPhase;
			buildActionMask = 2147483647;
			files = (
			);
			runOnlyForDeploymentPostprocessing = 0;
		};
/* End PBXSourcesBuildPhase section */

/* Begin PBXTargetDependency section */
		3056DABF2C4AA78A002B9378 /* PBXTargetDependency */ = {
			isa = PBXTargetDependency;
			target = 3056DAAC2C4AA789002B9378 /* Locavel */;
			targetProxy = 3056DABE2C4AA78A002B9378 /* PBXContainerItemProxy */;
		};
		3056DAC92C4AA78A002B9378 /* PBXTargetDependency */ = {
			isa = PBXTargetDependency;
			target = 3056DAAC2C4AA789002B9378 /* Locavel */;
			targetProxy = 3056DAC82C4AA78A002B9378 /* PBXContainerItemProxy */;
		};
/* End PBXTargetDependency section */

/* Begin XCBuildConfiguration section */
		3056DACF2C4AA78A002B9378 /* Debug */ = {
			isa = XCBuildConfiguration;
			buildSettings = {
				ALWAYS_SEARCH_USER_PATHS = NO;
				ASSETCATALOG_COMPILER_GENERATE_SWIFT_ASSET_SYMBOL_EXTENSIONS = YES;
				CLANG_ANALYZER_NONNULL = YES;
				CLANG_ANALYZER_NUMBER_OBJECT_CONVERSION = YES_AGGRESSIVE;
				CLANG_CXX_LANGUAGE_STANDARD = "gnu++20";
				CLANG_ENABLE_MODULES = YES;
				CLANG_ENABLE_OBJC_ARC = YES;
				CLANG_ENABLE_OBJC_WEAK = YES;
				CLANG_WARN_BLOCK_CAPTURE_AUTORELEASING = YES;
				CLANG_WARN_BOOL_CONVERSION = YES;
				CLANG_WARN_COMMA = YES;
				CLANG_WARN_CONSTANT_CONVERSION = YES;
				CLANG_WARN_DEPRECATED_OBJC_IMPLEMENTATIONS = YES;
				CLANG_WARN_DIRECT_OBJC_ISA_USAGE = YES_ERROR;
				CLANG_WARN_DOCUMENTATION_COMMENTS = YES;
				CLANG_WARN_EMPTY_BODY = YES;
				CLANG_WARN_ENUM_CONVERSION = YES;
				CLANG_WARN_INFINITE_RECURSION = YES;
				CLANG_WARN_INT_CONVERSION = YES;
				CLANG_WARN_NON_LITERAL_NULL_CONVERSION = YES;
				CLANG_WARN_OBJC_IMPLICIT_RETAIN_SELF = YES;
				CLANG_WARN_OBJC_LITERAL_CONVERSION = YES;
				CLANG_WARN_OBJC_ROOT_CLASS = YES_ERROR;
				CLANG_WARN_QUOTED_INCLUDE_IN_FRAMEWORK_HEADER = YES;
				CLANG_WARN_RANGE_LOOP_ANALYSIS = YES;
				CLANG_WARN_STRICT_PROTOTYPES = YES;
				CLANG_WARN_SUSPICIOUS_MOVE = YES;
				CLANG_WARN_UNGUARDED_AVAILABILITY = YES_AGGRESSIVE;
				CLANG_WARN_UNREACHABLE_CODE = YES;
				CLANG_WARN__DUPLICATE_METHOD_MATCH = YES;
				COPY_PHASE_STRIP = NO;
				DEBUG_INFORMATION_FORMAT = dwarf;
				ENABLE_STRICT_OBJC_MSGSEND = YES;
				ENABLE_TESTABILITY = YES;
				ENABLE_USER_SCRIPT_SANDBOXING = NO;
				GCC_C_LANGUAGE_STANDARD = gnu17;
				GCC_DYNAMIC_NO_PIC = NO;
				GCC_NO_COMMON_BLOCKS = YES;
				GCC_OPTIMIZATION_LEVEL = 0;
				GCC_PREPROCESSOR_DEFINITIONS = (
					"DEBUG=1",
					"$(inherited)",
				);
				GCC_WARN_64_TO_32_BIT_CONVERSION = YES;
				GCC_WARN_ABOUT_RETURN_TYPE = YES_ERROR;
				GCC_WARN_UNDECLARED_SELECTOR = YES;
				GCC_WARN_UNINITIALIZED_AUTOS = YES_AGGRESSIVE;
				GCC_WARN_UNUSED_FUNCTION = YES;
				GCC_WARN_UNUSED_VARIABLE = YES;
				IPHONEOS_DEPLOYMENT_TARGET = 17.4;
				LOCALIZATION_PREFERS_STRING_CATALOGS = YES;
				MTL_ENABLE_DEBUG_INFO = INCLUDE_SOURCE;
				MTL_FAST_MATH = YES;
				ONLY_ACTIVE_ARCH = YES;
				SDKROOT = iphoneos;
				SWIFT_ACTIVE_COMPILATION_CONDITIONS = "DEBUG $(inherited)";
				SWIFT_OPTIMIZATION_LEVEL = "-Onone";
			};
			name = Debug;
		};
		3056DAD02C4AA78A002B9378 /* Release */ = {
			isa = XCBuildConfiguration;
			buildSettings = {
				ALWAYS_SEARCH_USER_PATHS = NO;
				ASSETCATALOG_COMPILER_GENERATE_SWIFT_ASSET_SYMBOL_EXTENSIONS = YES;
				CLANG_ANALYZER_NONNULL = YES;
				CLANG_ANALYZER_NUMBER_OBJECT_CONVERSION = YES_AGGRESSIVE;
				CLANG_CXX_LANGUAGE_STANDARD = "gnu++20";
				CLANG_ENABLE_MODULES = YES;
				CLANG_ENABLE_OBJC_ARC = YES;
				CLANG_ENABLE_OBJC_WEAK = YES;
				CLANG_WARN_BLOCK_CAPTURE_AUTORELEASING = YES;
				CLANG_WARN_BOOL_CONVERSION = YES;
				CLANG_WARN_COMMA = YES;
				CLANG_WARN_CONSTANT_CONVERSION = YES;
				CLANG_WARN_DEPRECATED_OBJC_IMPLEMENTATIONS = YES;
				CLANG_WARN_DIRECT_OBJC_ISA_USAGE = YES_ERROR;
				CLANG_WARN_DOCUMENTATION_COMMENTS = YES;
				CLANG_WARN_EMPTY_BODY = YES;
				CLANG_WARN_ENUM_CONVERSION = YES;
				CLANG_WARN_INFINITE_RECURSION = YES;
				CLANG_WARN_INT_CONVERSION = YES;
				CLANG_WARN_NON_LITERAL_NULL_CONVERSION = YES;
				CLANG_WARN_OBJC_IMPLICIT_RETAIN_SELF = YES;
				CLANG_WARN_OBJC_LITERAL_CONVERSION = YES;
				CLANG_WARN_OBJC_ROOT_CLASS = YES_ERROR;
				CLANG_WARN_QUOTED_INCLUDE_IN_FRAMEWORK_HEADER = YES;
				CLANG_WARN_RANGE_LOOP_ANALYSIS = YES;
				CLANG_WARN_STRICT_PROTOTYPES = YES;
				CLANG_WARN_SUSPICIOUS_MOVE = YES;
				CLANG_WARN_UNGUARDED_AVAILABILITY = YES_AGGRESSIVE;
				CLANG_WARN_UNREACHABLE_CODE = YES;
				CLANG_WARN__DUPLICATE_METHOD_MATCH = YES;
				COPY_PHASE_STRIP = NO;
				DEBUG_INFORMATION_FORMAT = "dwarf-with-dsym";
				ENABLE_NS_ASSERTIONS = NO;
				ENABLE_STRICT_OBJC_MSGSEND = YES;
				ENABLE_USER_SCRIPT_SANDBOXING = NO;
				GCC_C_LANGUAGE_STANDARD = gnu17;
				GCC_NO_COMMON_BLOCKS = YES;
				GCC_WARN_64_TO_32_BIT_CONVERSION = YES;
				GCC_WARN_ABOUT_RETURN_TYPE = YES_ERROR;
				GCC_WARN_UNDECLARED_SELECTOR = YES;
				GCC_WARN_UNINITIALIZED_AUTOS = YES_AGGRESSIVE;
				GCC_WARN_UNUSED_FUNCTION = YES;
				GCC_WARN_UNUSED_VARIABLE = YES;
				IPHONEOS_DEPLOYMENT_TARGET = 17.4;
				LOCALIZATION_PREFERS_STRING_CATALOGS = YES;
				MTL_ENABLE_DEBUG_INFO = NO;
				MTL_FAST_MATH = YES;
				SDKROOT = iphoneos;
				SWIFT_COMPILATION_MODE = wholemodule;
				VALIDATE_PRODUCT = YES;
			};
			name = Release;
		};
		3056DAD22C4AA78A002B9378 /* Debug */ = {
			isa = XCBuildConfiguration;
			baseConfigurationReference = C6552250B1C0355A3D9269A3 /* Pods-Locavel.debug.xcconfig */;
			buildSettings = {
				ASSETCATALOG_COMPILER_APPICON_NAME = AppIcon;
				ASSETCATALOG_COMPILER_GLOBAL_ACCENT_COLOR_NAME = AccentColor;
				CODE_SIGN_STYLE = Automatic;
				CURRENT_PROJECT_VERSION = 1;
				DEVELOPMENT_ASSET_PATHS = "\"Locavel/Preview Content\"";
				DEVELOPMENT_TEAM = XG62U7A4U6;
				ENABLE_PREVIEWS = YES;
				GENERATE_INFOPLIST_FILE = YES;
				INFOPLIST_FILE = Locavel/Info.plist;
				INFOPLIST_KEY_NSLocationAlwaysAndWhenInUseUsageDescription = "해당 앱은 플레이스 정보 및 사용자의 현위치 정보를 사용하기 위해 권한이 필요합니다.";
				INFOPLIST_KEY_NSLocationAlwaysUsageDescription = "";
				INFOPLIST_KEY_NSLocationWhenInUseUsageDescription = "해당 앱은 플레이스 정보 및 사용자의 현위치 정보를 사용하기 위해 권한이 필요합니다.";
				INFOPLIST_KEY_UIApplicationSceneManifest_Generation = YES;
				INFOPLIST_KEY_UIApplicationSupportsIndirectInputEvents = YES;
				INFOPLIST_KEY_UILaunchScreen_Generation = YES;
				INFOPLIST_KEY_UISupportedInterfaceOrientations_iPad = "UIInterfaceOrientationPortrait UIInterfaceOrientationPortraitUpsideDown UIInterfaceOrientationLandscapeLeft UIInterfaceOrientationLandscapeRight";
				INFOPLIST_KEY_UISupportedInterfaceOrientations_iPhone = "UIInterfaceOrientationPortrait UIInterfaceOrientationLandscapeLeft UIInterfaceOrientationLandscapeRight";
				IPHONEOS_DEPLOYMENT_TARGET = 17.4;
				LD_RUNPATH_SEARCH_PATHS = (
					"$(inherited)",
					"@executable_path/Frameworks",
				);
				MARKETING_VERSION = 1.0;
				PRODUCT_BUNDLE_IDENTIFIER = kks.Locavel.Locavel;
				PRODUCT_NAME = "$(TARGET_NAME)";
				SWIFT_EMIT_LOC_STRINGS = YES;
				SWIFT_VERSION = 5.0;
				TARGETED_DEVICE_FAMILY = "1,2";
			};
			name = Debug;
		};
		3056DAD32C4AA78A002B9378 /* Release */ = {
			isa = XCBuildConfiguration;
			baseConfigurationReference = 9C1448BA28DF5ECEB3DD85E0 /* Pods-Locavel.release.xcconfig */;
			buildSettings = {
				ASSETCATALOG_COMPILER_APPICON_NAME = AppIcon;
				ASSETCATALOG_COMPILER_GLOBAL_ACCENT_COLOR_NAME = AccentColor;
				CODE_SIGN_STYLE = Automatic;
				CURRENT_PROJECT_VERSION = 1;
				DEVELOPMENT_ASSET_PATHS = "\"Locavel/Preview Content\"";
				DEVELOPMENT_TEAM = XG62U7A4U6;
				ENABLE_PREVIEWS = YES;
				GENERATE_INFOPLIST_FILE = YES;
				INFOPLIST_FILE = Locavel/Info.plist;
				INFOPLIST_KEY_NSLocationAlwaysAndWhenInUseUsageDescription = "해당 앱은 플레이스 정보 및 사용자의 현위치 정보를 사용하기 위해 권한이 필요합니다.";
				INFOPLIST_KEY_NSLocationAlwaysUsageDescription = "";
				INFOPLIST_KEY_NSLocationWhenInUseUsageDescription = "해당 앱은 플레이스 정보 및 사용자의 현위치 정보를 사용하기 위해 권한이 필요합니다.";
				INFOPLIST_KEY_UIApplicationSceneManifest_Generation = YES;
				INFOPLIST_KEY_UIApplicationSupportsIndirectInputEvents = YES;
				INFOPLIST_KEY_UILaunchScreen_Generation = YES;
				INFOPLIST_KEY_UISupportedInterfaceOrientations_iPad = "UIInterfaceOrientationPortrait UIInterfaceOrientationPortraitUpsideDown UIInterfaceOrientationLandscapeLeft UIInterfaceOrientationLandscapeRight";
				INFOPLIST_KEY_UISupportedInterfaceOrientations_iPhone = "UIInterfaceOrientationPortrait UIInterfaceOrientationLandscapeLeft UIInterfaceOrientationLandscapeRight";
				IPHONEOS_DEPLOYMENT_TARGET = 17.4;
				LD_RUNPATH_SEARCH_PATHS = (
					"$(inherited)",
					"@executable_path/Frameworks",
				);
				MARKETING_VERSION = 1.0;
				PRODUCT_BUNDLE_IDENTIFIER = kks.Locavel.Locavel;
				PRODUCT_NAME = "$(TARGET_NAME)";
				SWIFT_EMIT_LOC_STRINGS = YES;
				SWIFT_VERSION = 5.0;
				TARGETED_DEVICE_FAMILY = "1,2";
			};
			name = Release;
		};
		3056DAD52C4AA78A002B9378 /* Debug */ = {
			isa = XCBuildConfiguration;
			baseConfigurationReference = D3A2C9509B85048BAD0BE948 /* Pods-LocavelTests.debug.xcconfig */;
			buildSettings = {
				ALWAYS_EMBED_SWIFT_STANDARD_LIBRARIES = NO;
				BUNDLE_LOADER = "$(TEST_HOST)";
				CODE_SIGN_STYLE = Automatic;
				CURRENT_PROJECT_VERSION = 1;
				GENERATE_INFOPLIST_FILE = YES;
				IPHONEOS_DEPLOYMENT_TARGET = 17.5;
				MARKETING_VERSION = 1.0;
				PRODUCT_BUNDLE_IDENTIFIER = Locavel.LocavelTests;
				PRODUCT_NAME = "$(TARGET_NAME)";
				SWIFT_EMIT_LOC_STRINGS = NO;
				SWIFT_VERSION = 5.0;
				TARGETED_DEVICE_FAMILY = "1,2";
				TEST_HOST = "$(BUILT_PRODUCTS_DIR)/Locavel.app/$(BUNDLE_EXECUTABLE_FOLDER_PATH)/Locavel";
			};
			name = Debug;
		};
		3056DAD62C4AA78A002B9378 /* Release */ = {
			isa = XCBuildConfiguration;
			baseConfigurationReference = 042E9A9D05A62E40909CB5E4 /* Pods-LocavelTests.release.xcconfig */;
			buildSettings = {
				ALWAYS_EMBED_SWIFT_STANDARD_LIBRARIES = NO;
				BUNDLE_LOADER = "$(TEST_HOST)";
				CODE_SIGN_STYLE = Automatic;
				CURRENT_PROJECT_VERSION = 1;
				GENERATE_INFOPLIST_FILE = YES;
				IPHONEOS_DEPLOYMENT_TARGET = 17.5;
				MARKETING_VERSION = 1.0;
				PRODUCT_BUNDLE_IDENTIFIER = Locavel.LocavelTests;
				PRODUCT_NAME = "$(TARGET_NAME)";
				SWIFT_EMIT_LOC_STRINGS = NO;
				SWIFT_VERSION = 5.0;
				TARGETED_DEVICE_FAMILY = "1,2";
				TEST_HOST = "$(BUILT_PRODUCTS_DIR)/Locavel.app/$(BUNDLE_EXECUTABLE_FOLDER_PATH)/Locavel";
			};
			name = Release;
		};
		3056DAD82C4AA78A002B9378 /* Debug */ = {
			isa = XCBuildConfiguration;
			baseConfigurationReference = 9C86F39A4FCE84B365DD5E03 /* Pods-Locavel-LocavelUITests.debug.xcconfig */;
			buildSettings = {
				ALWAYS_EMBED_SWIFT_STANDARD_LIBRARIES = NO;
				CODE_SIGN_STYLE = Automatic;
				CURRENT_PROJECT_VERSION = 1;
				GENERATE_INFOPLIST_FILE = YES;
				MARKETING_VERSION = 1.0;
				PRODUCT_BUNDLE_IDENTIFIER = Locavel.LocavelUITests;
				PRODUCT_NAME = "$(TARGET_NAME)";
				SWIFT_EMIT_LOC_STRINGS = NO;
				SWIFT_VERSION = 5.0;
				TARGETED_DEVICE_FAMILY = "1,2";
				TEST_TARGET_NAME = Locavel;
			};
			name = Debug;
		};
		3056DAD92C4AA78A002B9378 /* Release */ = {
			isa = XCBuildConfiguration;
			baseConfigurationReference = 3A798270E9AEDF14BD5D308B /* Pods-Locavel-LocavelUITests.release.xcconfig */;
			buildSettings = {
				ALWAYS_EMBED_SWIFT_STANDARD_LIBRARIES = NO;
				CODE_SIGN_STYLE = Automatic;
				CURRENT_PROJECT_VERSION = 1;
				GENERATE_INFOPLIST_FILE = YES;
				MARKETING_VERSION = 1.0;
				PRODUCT_BUNDLE_IDENTIFIER = Locavel.LocavelUITests;
				PRODUCT_NAME = "$(TARGET_NAME)";
				SWIFT_EMIT_LOC_STRINGS = NO;
				SWIFT_VERSION = 5.0;
				TARGETED_DEVICE_FAMILY = "1,2";
				TEST_TARGET_NAME = Locavel;
			};
			name = Release;
		};
/* End XCBuildConfiguration section */

/* Begin XCConfigurationList section */
		3056DAA82C4AA789002B9378 /* Build configuration list for PBXProject "Locavel" */ = {
			isa = XCConfigurationList;
			buildConfigurations = (
				3056DACF2C4AA78A002B9378 /* Debug */,
				3056DAD02C4AA78A002B9378 /* Release */,
			);
			defaultConfigurationIsVisible = 0;
			defaultConfigurationName = Release;
		};
		3056DAD12C4AA78A002B9378 /* Build configuration list for PBXNativeTarget "Locavel" */ = {
			isa = XCConfigurationList;
			buildConfigurations = (
				3056DAD22C4AA78A002B9378 /* Debug */,
				3056DAD32C4AA78A002B9378 /* Release */,
			);
			defaultConfigurationIsVisible = 0;
			defaultConfigurationName = Release;
		};
		3056DAD42C4AA78A002B9378 /* Build configuration list for PBXNativeTarget "LocavelTests" */ = {
			isa = XCConfigurationList;
			buildConfigurations = (
				3056DAD52C4AA78A002B9378 /* Debug */,
				3056DAD62C4AA78A002B9378 /* Release */,
			);
			defaultConfigurationIsVisible = 0;
			defaultConfigurationName = Release;
		};
		3056DAD72C4AA78A002B9378 /* Build configuration list for PBXNativeTarget "LocavelUITests" */ = {
			isa = XCConfigurationList;
			buildConfigurations = (
				3056DAD82C4AA78A002B9378 /* Debug */,
				3056DAD92C4AA78A002B9378 /* Release */,
			);
			defaultConfigurationIsVisible = 0;
			defaultConfigurationName = Release;
		};
/* End XCConfigurationList section */

/* Begin XCRemoteSwiftPackageReference section */
		1AB3E3982C6881ED009F7817 /* XCRemoteSwiftPackageReference "Moya" */ = {
			isa = XCRemoteSwiftPackageReference;
			repositoryURL = "https://github.com/Moya/Moya.git";
			requirement = {
				kind = upToNextMajorVersion;
				minimumVersion = 15.0.3;
			};
		};
		1F35DF492C71B3C800D1EF30 /* XCRemoteSwiftPackageReference "kakao-ios-sdk" */ = {
			isa = XCRemoteSwiftPackageReference;
			repositoryURL = "https://github.com/kakao/kakao-ios-sdk";
			requirement = {
				branch = master;
				kind = branch;
			};
		};
		1F35DF552C71B53D00D1EF30 /* XCRemoteSwiftPackageReference "naveridlogin-sdk-ios" */ = {
			isa = XCRemoteSwiftPackageReference;
			repositoryURL = "https://github.com/naver/naveridlogin-sdk-ios";
			requirement = {
				branch = master;
				kind = branch;
			};
		};
/* End XCRemoteSwiftPackageReference section */

/* Begin XCSwiftPackageProductDependency section */
		1AB3E3992C6881ED009F7817 /* CombineMoya */ = {
			isa = XCSwiftPackageProductDependency;
			package = 1AB3E3982C6881ED009F7817 /* XCRemoteSwiftPackageReference "Moya" */;
			productName = CombineMoya;
		};
		1AB3E39B2C6881ED009F7817 /* Moya */ = {
			isa = XCSwiftPackageProductDependency;
			package = 1AB3E3982C6881ED009F7817 /* XCRemoteSwiftPackageReference "Moya" */;
			productName = Moya;
		};
		1AB3E39D2C6881ED009F7817 /* ReactiveMoya */ = {
			isa = XCSwiftPackageProductDependency;
			package = 1AB3E3982C6881ED009F7817 /* XCRemoteSwiftPackageReference "Moya" */;
			productName = ReactiveMoya;
		};
		1AB3E39F2C6881ED009F7817 /* RxMoya */ = {
			isa = XCSwiftPackageProductDependency;
			package = 1AB3E3982C6881ED009F7817 /* XCRemoteSwiftPackageReference "Moya" */;
			productName = RxMoya;
		};
		1F35DF4A2C71B3C800D1EF30 /* KakaoSDKAuth */ = {
			isa = XCSwiftPackageProductDependency;
			package = 1F35DF492C71B3C800D1EF30 /* XCRemoteSwiftPackageReference "kakao-ios-sdk" */;
			productName = KakaoSDKAuth;
		};
		1F35DF4C2C71B3C800D1EF30 /* KakaoSDKCommon */ = {
			isa = XCSwiftPackageProductDependency;
			package = 1F35DF492C71B3C800D1EF30 /* XCRemoteSwiftPackageReference "kakao-ios-sdk" */;
			productName = KakaoSDKCommon;
		};
		1F35DF4E2C71B3C800D1EF30 /* KakaoSDKUser */ = {
			isa = XCSwiftPackageProductDependency;
			package = 1F35DF492C71B3C800D1EF30 /* XCRemoteSwiftPackageReference "kakao-ios-sdk" */;
			productName = KakaoSDKUser;
		};
		1F35DF562C71B53D00D1EF30 /* NaverThirdPartyLogin */ = {
			isa = XCSwiftPackageProductDependency;
			package = 1F35DF552C71B53D00D1EF30 /* XCRemoteSwiftPackageReference "naveridlogin-sdk-ios" */;
			productName = NaverThirdPartyLogin;
		};
/* End XCSwiftPackageProductDependency section */
	};
	rootObject = 3056DAA52C4AA789002B9378 /* Project object */;
}
