// !$*UTF8*$!
{
	archiveVersion = 1;
	classes = {
	};
	objectVersion = 56;
	objects = {

/* Begin PBXBuildFile section */
		1F57DB312C46513600294EE5 /* locavel_cookieApp.swift in Sources */ = {isa = PBXBuildFile; fileRef = 1F57DB302C46513600294EE5 /* locavel_cookieApp.swift */; };
		1F57DB352C46513800294EE5 /* Assets.xcassets in Resources */ = {isa = PBXBuildFile; fileRef = 1F57DB342C46513800294EE5 /* Assets.xcassets */; };
		1F57DB382C46513800294EE5 /* Preview Assets.xcassets in Resources */ = {isa = PBXBuildFile; fileRef = 1F57DB372C46513800294EE5 /* Preview Assets.xcassets */; };
		1F8E4FB72C47C15200A1E7DF /* ColorManager.swift in Sources */ = {isa = PBXBuildFile; fileRef = 1F8E4FB62C47C15200A1E7DF /* ColorManager.swift */; };
		1FCB15092C47B15200D24D65 /* HomeView.swift in Sources */ = {isa = PBXBuildFile; fileRef = 1FCB15082C47B15200D24D65 /* HomeView.swift */; };
		1FEC2C8E2C47C87E00FB6E4A /* MyPageView.swift in Sources */ = {isa = PBXBuildFile; fileRef = 1FEC2C8D2C47C87E00FB6E4A /* MyPageView.swift */; };
		1FEC2C902C47C88D00FB6E4A /* WishListView.swift in Sources */ = {isa = PBXBuildFile; fileRef = 1FEC2C8F2C47C88D00FB6E4A /* WishListView.swift */; };
		1FEC2C922C47CA3A00FB6E4A /* LogInView.swift in Sources */ = {isa = PBXBuildFile; fileRef = 1FEC2C912C47CA3A00FB6E4A /* LogInView.swift */; };
		1FEC2C942C47CABD00FB6E4A /* ContentView.swift in Sources */ = {isa = PBXBuildFile; fileRef = 1FEC2C932C47CABD00FB6E4A /* ContentView.swift */; };
		1FEC2C962C47D3AE00FB6E4A /* MyPlaceView.swift in Sources */ = {isa = PBXBuildFile; fileRef = 1FEC2C952C47D3AE00FB6E4A /* MyPlaceView.swift */; };
		1FEC2C992C47D41300FB6E4A /* WishListFood.swift in Sources */ = {isa = PBXBuildFile; fileRef = 1FEC2C982C47D41300FB6E4A /* WishListFood.swift */; };
		1FEC2C9C2C47E62F00FB6E4A /* InterestPlaceView.swift in Sources */ = {isa = PBXBuildFile; fileRef = 1FEC2C9B2C47E62F00FB6E4A /* InterestPlaceView.swift */; };
		1FFE72FC2C4918C4004B5EC3 /* MapView.swift in Sources */ = {isa = PBXBuildFile; fileRef = 1FFE72FB2C4918C4004B5EC3 /* MapView.swift */; };
		F08636C924C3CEA250A94374 /* Pods_locavel_cookie.framework in Frameworks */ = {isa = PBXBuildFile; fileRef = 4A6A20F42806803DE59747AE /* Pods_locavel_cookie.framework */; };
/* End PBXBuildFile section */

/* Begin PBXFileReference section */
		0C09FC2E8D5EFDE19254D427 /* Pods-locavel_cookie.debug.xcconfig */ = {isa = PBXFileReference; includeInIndex = 1; lastKnownFileType = text.xcconfig; name = "Pods-locavel_cookie.debug.xcconfig"; path = "Target Support Files/Pods-locavel_cookie/Pods-locavel_cookie.debug.xcconfig"; sourceTree = "<group>"; };
		1F57DB2D2C46513600294EE5 /* locavel_cookie.app */ = {isa = PBXFileReference; explicitFileType = wrapper.application; includeInIndex = 0; path = locavel_cookie.app; sourceTree = BUILT_PRODUCTS_DIR; };
		1F57DB302C46513600294EE5 /* locavel_cookieApp.swift */ = {isa = PBXFileReference; lastKnownFileType = sourcecode.swift; path = locavel_cookieApp.swift; sourceTree = "<group>"; };
		1F57DB342C46513800294EE5 /* Assets.xcassets */ = {isa = PBXFileReference; lastKnownFileType = folder.assetcatalog; path = Assets.xcassets; sourceTree = "<group>"; };
		1F57DB372C46513800294EE5 /* Preview Assets.xcassets */ = {isa = PBXFileReference; lastKnownFileType = folder.assetcatalog; path = "Preview Assets.xcassets"; sourceTree = "<group>"; };
		1F8E4FB62C47C15200A1E7DF /* ColorManager.swift */ = {isa = PBXFileReference; lastKnownFileType = sourcecode.swift; path = ColorManager.swift; sourceTree = "<group>"; };
		1FCB15082C47B15200D24D65 /* HomeView.swift */ = {isa = PBXFileReference; lastKnownFileType = sourcecode.swift; path = HomeView.swift; sourceTree = "<group>"; };
		1FEC2C8D2C47C87E00FB6E4A /* MyPageView.swift */ = {isa = PBXFileReference; lastKnownFileType = sourcecode.swift; path = MyPageView.swift; sourceTree = "<group>"; };
		1FEC2C8F2C47C88D00FB6E4A /* WishListView.swift */ = {isa = PBXFileReference; lastKnownFileType = sourcecode.swift; path = WishListView.swift; sourceTree = "<group>"; };
		1FEC2C912C47CA3A00FB6E4A /* LogInView.swift */ = {isa = PBXFileReference; lastKnownFileType = sourcecode.swift; path = LogInView.swift; sourceTree = "<group>"; };
		1FEC2C932C47CABD00FB6E4A /* ContentView.swift */ = {isa = PBXFileReference; lastKnownFileType = sourcecode.swift; path = ContentView.swift; sourceTree = "<group>"; };
		1FEC2C952C47D3AE00FB6E4A /* MyPlaceView.swift */ = {isa = PBXFileReference; lastKnownFileType = sourcecode.swift; path = MyPlaceView.swift; sourceTree = "<group>"; };
		1FEC2C982C47D41300FB6E4A /* WishListFood.swift */ = {isa = PBXFileReference; lastKnownFileType = sourcecode.swift; path = WishListFood.swift; sourceTree = "<group>"; };
		1FEC2C9B2C47E62F00FB6E4A /* InterestPlaceView.swift */ = {isa = PBXFileReference; lastKnownFileType = sourcecode.swift; path = InterestPlaceView.swift; sourceTree = "<group>"; };
		1FFE72FA2C4916EF004B5EC3 /* locavel-cookie-Info.plist */ = {isa = PBXFileReference; lastKnownFileType = text.plist; path = "locavel-cookie-Info.plist"; sourceTree = "<group>"; };
		1FFE72FB2C4918C4004B5EC3 /* MapView.swift */ = {isa = PBXFileReference; lastKnownFileType = sourcecode.swift; path = MapView.swift; sourceTree = "<group>"; };
		4A6A20F42806803DE59747AE /* Pods_locavel_cookie.framework */ = {isa = PBXFileReference; explicitFileType = wrapper.framework; includeInIndex = 0; path = Pods_locavel_cookie.framework; sourceTree = BUILT_PRODUCTS_DIR; };
		DF9EC0A49A22C9BC7ADAD5F8 /* Pods-locavel_cookie.release.xcconfig */ = {isa = PBXFileReference; includeInIndex = 1; lastKnownFileType = text.xcconfig; name = "Pods-locavel_cookie.release.xcconfig"; path = "Target Support Files/Pods-locavel_cookie/Pods-locavel_cookie.release.xcconfig"; sourceTree = "<group>"; };
/* End PBXFileReference section */

/* Begin PBXFrameworksBuildPhase section */
		1F57DB2A2C46513600294EE5 /* Frameworks */ = {
			isa = PBXFrameworksBuildPhase;
			buildActionMask = 2147483647;
			files = (
				F08636C924C3CEA250A94374 /* Pods_locavel_cookie.framework in Frameworks */,
			);
			runOnlyForDeploymentPostprocessing = 0;
		};
/* End PBXFrameworksBuildPhase section */

/* Begin PBXGroup section */
		1F57DB242C46513600294EE5 = {
			isa = PBXGroup;
			children = (
				1FFE72FA2C4916EF004B5EC3 /* locavel-cookie-Info.plist */,
				1F57DB2F2C46513600294EE5 /* locavel */,
				1F57DB2E2C46513600294EE5 /* Products */,
				C6F75B734C74275452CB217C /* Pods */,
				53F70400285A45BB8C90988E /* Frameworks */,
			);
			sourceTree = "<group>";
		};
		1F57DB2E2C46513600294EE5 /* Products */ = {
			isa = PBXGroup;
			children = (
				1F57DB2D2C46513600294EE5 /* locavel_cookie.app */,
			);
			name = Products;
			sourceTree = "<group>";
		};
		1F57DB2F2C46513600294EE5 /* locavel */ = {
			isa = PBXGroup;
			children = (
				1F57DB302C46513600294EE5 /* locavel_cookieApp.swift */,
				1FCB15032C47ACBB00D24D65 /* Content */,
				1F8E4FB52C47C14400A1E7DF /* Resources */,
				1F57DB362C46513800294EE5 /* Preview Content */,
			);
			path = locavel;
			sourceTree = "<group>";
		};
		1F57DB362C46513800294EE5 /* Preview Content */ = {
			isa = PBXGroup;
			children = (
				1F57DB372C46513800294EE5 /* Preview Assets.xcassets */,
			);
			path = "Preview Content";
			sourceTree = "<group>";
		};
		1F8E4FB52C47C14400A1E7DF /* Resources */ = {
			isa = PBXGroup;
			children = (
				1F57DB342C46513800294EE5 /* Assets.xcassets */,
				1F8E4FB62C47C15200A1E7DF /* ColorManager.swift */,
			);
			path = Resources;
			sourceTree = "<group>";
		};
		1FCB15032C47ACBB00D24D65 /* Content */ = {
			isa = PBXGroup;
			children = (
				1FEC2C932C47CABD00FB6E4A /* ContentView.swift */,
				1FCB15072C47AD0800D24D65 /* Home */,
				1FCB15062C47ACF000D24D65 /* WishList */,
				1FCB15052C47ACE700D24D65 /* MyPage */,
				1FCB15042C47ACDF00D24D65 /* LogIn */,
			);
			path = Content;
			sourceTree = "<group>";
		};
		1FCB15042C47ACDF00D24D65 /* LogIn */ = {
			isa = PBXGroup;
			children = (
				1FEC2C912C47CA3A00FB6E4A /* LogInView.swift */,
			);
			path = LogIn;
			sourceTree = "<group>";
		};
		1FCB15052C47ACE700D24D65 /* MyPage */ = {
			isa = PBXGroup;
			children = (
				1FEC2C8D2C47C87E00FB6E4A /* MyPageView.swift */,
			);
			path = MyPage;
			sourceTree = "<group>";
		};
		1FCB15062C47ACF000D24D65 /* WishList */ = {
			isa = PBXGroup;
			children = (
				1FEC2C9A2C47E61400FB6E4A /* View */,
				1FEC2C972C47D3FD00FB6E4A /* Data */,
			);
			path = WishList;
			sourceTree = "<group>";
		};
		1FCB15072C47AD0800D24D65 /* Home */ = {
			isa = PBXGroup;
			children = (
				1FCB15082C47B15200D24D65 /* HomeView.swift */,
				1FFE72FB2C4918C4004B5EC3 /* MapView.swift */,
			);
			path = Home;
			sourceTree = "<group>";
		};
		1FEC2C972C47D3FD00FB6E4A /* Data */ = {
			isa = PBXGroup;
			children = (
				1FEC2C982C47D41300FB6E4A /* WishListFood.swift */,
			);
			path = Data;
			sourceTree = "<group>";
		};
		1FEC2C9A2C47E61400FB6E4A /* View */ = {
			isa = PBXGroup;
			children = (
				1FEC2C8F2C47C88D00FB6E4A /* WishListView.swift */,
				1FEC2C952C47D3AE00FB6E4A /* MyPlaceView.swift */,
				1FEC2C9B2C47E62F00FB6E4A /* InterestPlaceView.swift */,
			);
			path = View;
			sourceTree = "<group>";
		};
		53F70400285A45BB8C90988E /* Frameworks */ = {
			isa = PBXGroup;
			children = (
				4A6A20F42806803DE59747AE /* Pods_locavel_cookie.framework */,
			);
			name = Frameworks;
			sourceTree = "<group>";
		};
		C6F75B734C74275452CB217C /* Pods */ = {
			isa = PBXGroup;
			children = (
				0C09FC2E8D5EFDE19254D427 /* Pods-locavel_cookie.debug.xcconfig */,
				DF9EC0A49A22C9BC7ADAD5F8 /* Pods-locavel_cookie.release.xcconfig */,
			);
			path = Pods;
			sourceTree = "<group>";
		};
/* End PBXGroup section */

/* Begin PBXNativeTarget section */
		1F57DB2C2C46513600294EE5 /* locavel_cookie */ = {
			isa = PBXNativeTarget;
			buildConfigurationList = 1F57DB3B2C46513800294EE5 /* Build configuration list for PBXNativeTarget "locavel_cookie" */;
			buildPhases = (
				042B9574DBB3C9289B554B34 /* [CP] Check Pods Manifest.lock */,
				1F57DB292C46513600294EE5 /* Sources */,
				1F57DB2A2C46513600294EE5 /* Frameworks */,
				1F57DB2B2C46513600294EE5 /* Resources */,
				E4C128B95EFA7B04F6CA4864 /* [CP] Embed Pods Frameworks */,
			);
			buildRules = (
			);
			dependencies = (
			);
			name = locavel_cookie;
			productName = locavel_cookie;
			productReference = 1F57DB2D2C46513600294EE5 /* locavel_cookie.app */;
			productType = "com.apple.product-type.application";
		};
/* End PBXNativeTarget section */

/* Begin PBXProject section */
		1F57DB252C46513600294EE5 /* Project object */ = {
			isa = PBXProject;
			attributes = {
				BuildIndependentTargetsInParallel = 1;
				LastSwiftUpdateCheck = 1540;
				LastUpgradeCheck = 1540;
				TargetAttributes = {
					1F57DB2C2C46513600294EE5 = {
						CreatedOnToolsVersion = 15.4;
					};
				};
			};
			buildConfigurationList = 1F57DB282C46513600294EE5 /* Build configuration list for PBXProject "locavel_cookie" */;
			compatibilityVersion = "Xcode 14.0";
			developmentRegion = en;
			hasScannedForEncodings = 0;
			knownRegions = (
				en,
				Base,
			);
			mainGroup = 1F57DB242C46513600294EE5;
			productRefGroup = 1F57DB2E2C46513600294EE5 /* Products */;
			projectDirPath = "";
			projectRoot = "";
			targets = (
				1F57DB2C2C46513600294EE5 /* locavel_cookie */,
			);
		};
/* End PBXProject section */

/* Begin PBXResourcesBuildPhase section */
		1F57DB2B2C46513600294EE5 /* Resources */ = {
			isa = PBXResourcesBuildPhase;
			buildActionMask = 2147483647;
			files = (
				1F57DB382C46513800294EE5 /* Preview Assets.xcassets in Resources */,
				1F57DB352C46513800294EE5 /* Assets.xcassets in Resources */,
			);
			runOnlyForDeploymentPostprocessing = 0;
		};
/* End PBXResourcesBuildPhase section */

/* Begin PBXShellScriptBuildPhase section */
		042B9574DBB3C9289B554B34 /* [CP] Check Pods Manifest.lock */ = {
			isa = PBXShellScriptBuildPhase;
			buildActionMask = 2147483647;
			files = (
			);
			inputFileListPaths = (
			);
			inputPaths = (
				"${PODS_PODFILE_DIR_PATH}/Podfile.lock",
				"${PODS_ROOT}/Manifest.lock",
			);
			name = "[CP] Check Pods Manifest.lock";
			outputFileListPaths = (
			);
			outputPaths = (
				"$(DERIVED_FILE_DIR)/Pods-locavel_cookie-checkManifestLockResult.txt",
			);
			runOnlyForDeploymentPostprocessing = 0;
			shellPath = /bin/sh;
			shellScript = "diff \"${PODS_PODFILE_DIR_PATH}/Podfile.lock\" \"${PODS_ROOT}/Manifest.lock\" > /dev/null\nif [ $? != 0 ] ; then\n    # print error to STDERR\n    echo \"error: The sandbox is not in sync with the Podfile.lock. Run 'pod install' or update your CocoaPods installation.\" >&2\n    exit 1\nfi\n# This output is used by Xcode 'outputs' to avoid re-running this script phase.\necho \"SUCCESS\" > \"${SCRIPT_OUTPUT_FILE_0}\"\n";
			showEnvVarsInLog = 0;
		};
		E4C128B95EFA7B04F6CA4864 /* [CP] Embed Pods Frameworks */ = {
			isa = PBXShellScriptBuildPhase;
			buildActionMask = 2147483647;
			files = (
			);
			inputFileListPaths = (
				"${PODS_ROOT}/Target Support Files/Pods-locavel_cookie/Pods-locavel_cookie-frameworks-${CONFIGURATION}-input-files.xcfilelist",
			);
			name = "[CP] Embed Pods Frameworks";
			outputFileListPaths = (
				"${PODS_ROOT}/Target Support Files/Pods-locavel_cookie/Pods-locavel_cookie-frameworks-${CONFIGURATION}-output-files.xcfilelist",
			);
			runOnlyForDeploymentPostprocessing = 0;
			shellPath = /bin/sh;
			shellScript = "\"${PODS_ROOT}/Target Support Files/Pods-locavel_cookie/Pods-locavel_cookie-frameworks.sh\"\n";
			showEnvVarsInLog = 0;
		};
/* End PBXShellScriptBuildPhase section */

/* Begin PBXSourcesBuildPhase section */
		1F57DB292C46513600294EE5 /* Sources */ = {
			isa = PBXSourcesBuildPhase;
			buildActionMask = 2147483647;
			files = (
				1FEC2C922C47CA3A00FB6E4A /* LogInView.swift in Sources */,
				1FCB15092C47B15200D24D65 /* HomeView.swift in Sources */,
				1FEC2C942C47CABD00FB6E4A /* ContentView.swift in Sources */,
				1FFE72FC2C4918C4004B5EC3 /* MapView.swift in Sources */,
				1F57DB312C46513600294EE5 /* locavel_cookieApp.swift in Sources */,
				1FEC2C9C2C47E62F00FB6E4A /* InterestPlaceView.swift in Sources */,
				1FEC2C962C47D3AE00FB6E4A /* MyPlaceView.swift in Sources */,
				1F8E4FB72C47C15200A1E7DF /* ColorManager.swift in Sources */,
				1FEC2C8E2C47C87E00FB6E4A /* MyPageView.swift in Sources */,
				1FEC2C902C47C88D00FB6E4A /* WishListView.swift in Sources */,
				1FEC2C992C47D41300FB6E4A /* WishListFood.swift in Sources */,
			);
			runOnlyForDeploymentPostprocessing = 0;
		};
/* End PBXSourcesBuildPhase section */

/* Begin XCBuildConfiguration section */
		1F57DB392C46513800294EE5 /* Debug */ = {
			isa = XCBuildConfiguration;
			buildSettings = {
				ALWAYS_SEARCH_USER_PATHS = NO;
				ASSETCATALOG_COMPILER_GENERATE_SWIFT_ASSET_SYMBOL_EXTENSIONS = YES;
				CLANG_ANALYZER_NONNULL = YES;
				CLANG_ANALYZER_NUMBER_OBJECT_CONVERSION = YES_AGGRESSIVE;
				CLANG_CXX_LANGUAGE_STANDARD = "gnu++20";
				CLANG_ENABLE_MODULES = YES;
				CLANG_ENABLE_OBJC_ARC = YES;
				CLANG_ENABLE_OBJC_WEAK = YES;
				CLANG_WARN_BLOCK_CAPTURE_AUTORELEASING = YES;
				CLANG_WARN_BOOL_CONVERSION = YES;
				CLANG_WARN_COMMA = YES;
				CLANG_WARN_CONSTANT_CONVERSION = YES;
				CLANG_WARN_DEPRECATED_OBJC_IMPLEMENTATIONS = YES;
				CLANG_WARN_DIRECT_OBJC_ISA_USAGE = YES_ERROR;
				CLANG_WARN_DOCUMENTATION_COMMENTS = YES;
				CLANG_WARN_EMPTY_BODY = YES;
				CLANG_WARN_ENUM_CONVERSION = YES;
				CLANG_WARN_INFINITE_RECURSION = YES;
				CLANG_WARN_INT_CONVERSION = YES;
				CLANG_WARN_NON_LITERAL_NULL_CONVERSION = YES;
				CLANG_WARN_OBJC_IMPLICIT_RETAIN_SELF = YES;
				CLANG_WARN_OBJC_LITERAL_CONVERSION = YES;
				CLANG_WARN_OBJC_ROOT_CLASS = YES_ERROR;
				CLANG_WARN_QUOTED_INCLUDE_IN_FRAMEWORK_HEADER = YES;
				CLANG_WARN_RANGE_LOOP_ANALYSIS = YES;
				CLANG_WARN_STRICT_PROTOTYPES = YES;
				CLANG_WARN_SUSPICIOUS_MOVE = YES;
				CLANG_WARN_UNGUARDED_AVAILABILITY = YES_AGGRESSIVE;
				CLANG_WARN_UNREACHABLE_CODE = YES;
				CLANG_WARN__DUPLICATE_METHOD_MATCH = YES;
				COPY_PHASE_STRIP = NO;
				DEBUG_INFORMATION_FORMAT = dwarf;
				ENABLE_STRICT_OBJC_MSGSEND = YES;
				ENABLE_TESTABILITY = YES;
				ENABLE_USER_SCRIPT_SANDBOXING = NO;
				GCC_C_LANGUAGE_STANDARD = gnu17;
				GCC_DYNAMIC_NO_PIC = NO;
				GCC_NO_COMMON_BLOCKS = YES;
				GCC_OPTIMIZATION_LEVEL = 0;
				GCC_PREPROCESSOR_DEFINITIONS = (
					"DEBUG=1",
					"$(inherited)",
				);
				GCC_WARN_64_TO_32_BIT_CONVERSION = YES;
				GCC_WARN_ABOUT_RETURN_TYPE = YES_ERROR;
				GCC_WARN_UNDECLARED_SELECTOR = YES;
				GCC_WARN_UNINITIALIZED_AUTOS = YES_AGGRESSIVE;
				GCC_WARN_UNUSED_FUNCTION = YES;
				GCC_WARN_UNUSED_VARIABLE = YES;
				IPHONEOS_DEPLOYMENT_TARGET = 17.5;
				LOCALIZATION_PREFERS_STRING_CATALOGS = YES;
				MTL_ENABLE_DEBUG_INFO = INCLUDE_SOURCE;
				MTL_FAST_MATH = YES;
				ONLY_ACTIVE_ARCH = YES;
				SDKROOT = iphoneos;
				SWIFT_ACTIVE_COMPILATION_CONDITIONS = "DEBUG $(inherited)";
				SWIFT_OPTIMIZATION_LEVEL = "-Onone";
			};
			name = Debug;
		};
		1F57DB3A2C46513800294EE5 /* Release */ = {
			isa = XCBuildConfiguration;
			buildSettings = {
				ALWAYS_SEARCH_USER_PATHS = NO;
				ASSETCATALOG_COMPILER_GENERATE_SWIFT_ASSET_SYMBOL_EXTENSIONS = YES;
				CLANG_ANALYZER_NONNULL = YES;
				CLANG_ANALYZER_NUMBER_OBJECT_CONVERSION = YES_AGGRESSIVE;
				CLANG_CXX_LANGUAGE_STANDARD = "gnu++20";
				CLANG_ENABLE_MODULES = YES;
				CLANG_ENABLE_OBJC_ARC = YES;
				CLANG_ENABLE_OBJC_WEAK = YES;
				CLANG_WARN_BLOCK_CAPTURE_AUTORELEASING = YES;
				CLANG_WARN_BOOL_CONVERSION = YES;
				CLANG_WARN_COMMA = YES;
				CLANG_WARN_CONSTANT_CONVERSION = YES;
				CLANG_WARN_DEPRECATED_OBJC_IMPLEMENTATIONS = YES;
				CLANG_WARN_DIRECT_OBJC_ISA_USAGE = YES_ERROR;
				CLANG_WARN_DOCUMENTATION_COMMENTS = YES;
				CLANG_WARN_EMPTY_BODY = YES;
				CLANG_WARN_ENUM_CONVERSION = YES;
				CLANG_WARN_INFINITE_RECURSION = YES;
				CLANG_WARN_INT_CONVERSION = YES;
				CLANG_WARN_NON_LITERAL_NULL_CONVERSION = YES;
				CLANG_WARN_OBJC_IMPLICIT_RETAIN_SELF = YES;
				CLANG_WARN_OBJC_LITERAL_CONVERSION = YES;
				CLANG_WARN_OBJC_ROOT_CLASS = YES_ERROR;
				CLANG_WARN_QUOTED_INCLUDE_IN_FRAMEWORK_HEADER = YES;
				CLANG_WARN_RANGE_LOOP_ANALYSIS = YES;
				CLANG_WARN_STRICT_PROTOTYPES = YES;
				CLANG_WARN_SUSPICIOUS_MOVE = YES;
				CLANG_WARN_UNGUARDED_AVAILABILITY = YES_AGGRESSIVE;
				CLANG_WARN_UNREACHABLE_CODE = YES;
				CLANG_WARN__DUPLICATE_METHOD_MATCH = YES;
				COPY_PHASE_STRIP = NO;
				DEBUG_INFORMATION_FORMAT = "dwarf-with-dsym";
				ENABLE_NS_ASSERTIONS = NO;
				ENABLE_STRICT_OBJC_MSGSEND = YES;
				ENABLE_USER_SCRIPT_SANDBOXING = NO;
				GCC_C_LANGUAGE_STANDARD = gnu17;
				GCC_NO_COMMON_BLOCKS = YES;
				GCC_WARN_64_TO_32_BIT_CONVERSION = YES;
				GCC_WARN_ABOUT_RETURN_TYPE = YES_ERROR;
				GCC_WARN_UNDECLARED_SELECTOR = YES;
				GCC_WARN_UNINITIALIZED_AUTOS = YES_AGGRESSIVE;
				GCC_WARN_UNUSED_FUNCTION = YES;
				GCC_WARN_UNUSED_VARIABLE = YES;
				IPHONEOS_DEPLOYMENT_TARGET = 17.5;
				LOCALIZATION_PREFERS_STRING_CATALOGS = YES;
				MTL_ENABLE_DEBUG_INFO = NO;
				MTL_FAST_MATH = YES;
				SDKROOT = iphoneos;
				SWIFT_COMPILATION_MODE = wholemodule;
				VALIDATE_PRODUCT = YES;
			};
			name = Release;
		};
		1F57DB3C2C46513800294EE5 /* Debug */ = {
			isa = XCBuildConfiguration;
			baseConfigurationReference = 0C09FC2E8D5EFDE19254D427 /* Pods-locavel_cookie.debug.xcconfig */;
			buildSettings = {
				ASSETCATALOG_COMPILER_APPICON_NAME = AppIcon;
				ASSETCATALOG_COMPILER_GLOBAL_ACCENT_COLOR_NAME = AccentColor;
				CODE_SIGN_STYLE = Automatic;
				CURRENT_PROJECT_VERSION = 1;
				ENABLE_PREVIEWS = YES;
				GENERATE_INFOPLIST_FILE = YES;
				INFOPLIST_FILE = "locavel-cookie-Info.plist";
				INFOPLIST_KEY_NSLocationAlwaysUsageDescription = "항상 위치를 접근할 필요가 있습니다.";
				INFOPLIST_KEY_NSLocationWhenInUseUsageDescription = "앱을 사용하는 동안 위치를 접근할 필요가 있습니다.";
				INFOPLIST_KEY_UIApplicationSceneManifest_Generation = YES;
				INFOPLIST_KEY_UIApplicationSupportsIndirectInputEvents = YES;
				INFOPLIST_KEY_UILaunchScreen_Generation = YES;
				INFOPLIST_KEY_UISupportedInterfaceOrientations_iPad = "UIInterfaceOrientationPortrait UIInterfaceOrientationPortraitUpsideDown UIInterfaceOrientationLandscapeLeft UIInterfaceOrientationLandscapeRight";
				INFOPLIST_KEY_UISupportedInterfaceOrientations_iPhone = "UIInterfaceOrientationPortrait UIInterfaceOrientationLandscapeLeft UIInterfaceOrientationLandscapeRight";
				IPHONEOS_DEPLOYMENT_TARGET = 15.1;
				LD_RUNPATH_SEARCH_PATHS = (
					"$(inherited)",
					"@executable_path/Frameworks",
				);
				MARKETING_VERSION = 1.0;
				PRODUCT_BUNDLE_IDENTIFIER = "com.kks.locavel-cookie";
				PRODUCT_NAME = "$(TARGET_NAME)";
				SWIFT_EMIT_LOC_STRINGS = YES;
				SWIFT_VERSION = 5.0;
				TARGETED_DEVICE_FAMILY = "1,2";
			};
			name = Debug;
		};
		1F57DB3D2C46513800294EE5 /* Release */ = {
			isa = XCBuildConfiguration;
			baseConfigurationReference = DF9EC0A49A22C9BC7ADAD5F8 /* Pods-locavel_cookie.release.xcconfig */;
			buildSettings = {
				ASSETCATALOG_COMPILER_APPICON_NAME = AppIcon;
				ASSETCATALOG_COMPILER_GLOBAL_ACCENT_COLOR_NAME = AccentColor;
				CODE_SIGN_STYLE = Automatic;
				CURRENT_PROJECT_VERSION = 1;
				ENABLE_PREVIEWS = YES;
				GENERATE_INFOPLIST_FILE = YES;
				INFOPLIST_FILE = "locavel-cookie-Info.plist";
				INFOPLIST_KEY_NSLocationAlwaysUsageDescription = "항상 위치를 접근할 필요가 있습니다.";
				INFOPLIST_KEY_NSLocationWhenInUseUsageDescription = "앱을 사용하는 동안 위치를 접근할 필요가 있습니다.";
				INFOPLIST_KEY_UIApplicationSceneManifest_Generation = YES;
				INFOPLIST_KEY_UIApplicationSupportsIndirectInputEvents = YES;
				INFOPLIST_KEY_UILaunchScreen_Generation = YES;
				INFOPLIST_KEY_UISupportedInterfaceOrientations_iPad = "UIInterfaceOrientationPortrait UIInterfaceOrientationPortraitUpsideDown UIInterfaceOrientationLandscapeLeft UIInterfaceOrientationLandscapeRight";
				INFOPLIST_KEY_UISupportedInterfaceOrientations_iPhone = "UIInterfaceOrientationPortrait UIInterfaceOrientationLandscapeLeft UIInterfaceOrientationLandscapeRight";
				IPHONEOS_DEPLOYMENT_TARGET = 15.1;
				LD_RUNPATH_SEARCH_PATHS = (
					"$(inherited)",
					"@executable_path/Frameworks",
				);
				MARKETING_VERSION = 1.0;
				PRODUCT_BUNDLE_IDENTIFIER = "com.kks.locavel-cookie";
				PRODUCT_NAME = "$(TARGET_NAME)";
				SWIFT_EMIT_LOC_STRINGS = YES;
				SWIFT_VERSION = 5.0;
				TARGETED_DEVICE_FAMILY = "1,2";
			};
			name = Release;
		};
/* End XCBuildConfiguration section */

/* Begin XCConfigurationList section */
		1F57DB282C46513600294EE5 /* Build configuration list for PBXProject "locavel_cookie" */ = {
			isa = XCConfigurationList;
			buildConfigurations = (
				1F57DB392C46513800294EE5 /* Debug */,
				1F57DB3A2C46513800294EE5 /* Release */,
			);
			defaultConfigurationIsVisible = 0;
			defaultConfigurationName = Release;
		};
		1F57DB3B2C46513800294EE5 /* Build configuration list for PBXNativeTarget "locavel_cookie" */ = {
			isa = XCConfigurationList;
			buildConfigurations = (
				1F57DB3C2C46513800294EE5 /* Debug */,
				1F57DB3D2C46513800294EE5 /* Release */,
			);
			defaultConfigurationIsVisible = 0;
			defaultConfigurationName = Release;
		};
/* End XCConfigurationList section */
	};
	rootObject = 1F57DB252C46513600294EE5 /* Project object */;
}
